PODS:
  - IQDropDownTextField (4.0.1)
  - IQDropDownTextFieldSwift (4.0.0)
  - IQKeyboardManager (6.5.12)
  - IQKeyboardManagerSwift (6.5.12)
  - SwiftLint (0.52.2)

DEPENDENCIES:
  - IQDropDownTextField
  - IQDropDownTextFieldSwift
  - IQKeyboardManager (from `.`)
  - IQKeyboardManagerSwift (from `.`)
  - SwiftLint

SPEC REPOS:
  trunk:
    - IQDropDownTextField
    - IQDropDownTextFieldSwift
    - SwiftLint

EXTERNAL SOURCES:
  IQKeyboardManager:
    :path: "."
  IQKeyboardManagerSwift:
    :path: "."

SPEC CHECKSUMS:
  IQDropDownTextField: c3a149deb3c6c4bba5edd85d88b6e83e90e08f63
  IQDropDownTextFieldSwift: da07082650f59e04d88470ed0c28899ba3b50692
  IQKeyboardManager: b1fd66ccf7a79095bdcc4a2735231586f744216e
  IQKeyboardManagerSwift: 371b08cb39664fb56030f5345c815a4ffc74bbc0
  SwiftLint: 1ac76dac888ca05cb0cf24d0c85887ec1209961d

PODFILE CHECKSUM: 2967c4a229076bdd1c8dc911a8859a7fd6701a1a

COCOAPODS: 1.12.1
