PODS:
  - IQDropDownTextField (4.0.1)
  - IQDropDownTextFieldSwift (4.0.1)
  - IQKeyboardManager (6.5.16)
  - IQKeyboardManagerSwift (7.0.0)
  - RSKPlaceholderTextView (6.1.0)
  - SwiftLint (0.53.0)

DEPENDENCIES:
  - IQDropDownTextField
  - IQDropDownTextFieldSwift
  - IQKeyboardManager (from `.`)
  - IQKeyboardManagerSwift (from `.`)
  - RSKPlaceholderTextView
  - SwiftLint

SPEC REPOS:
  trunk:
    - IQDropDownTextField
    - IQDropDownTextFieldSwift
    - RSKPlaceholderTextView
    - SwiftLint

EXTERNAL SOURCES:
  IQKeyboardManager:
    :path: "."
  IQKeyboardManagerSwift:
    :path: "."

SPEC CHECKSUMS:
  IQDropDownTextField: c3a149deb3c6c4bba5edd85d88b6e83e90e08f63
  IQDropDownTextFieldSwift: a194ca9853f29cb90c19af31fabe7d899b0049ca
  IQKeyboardManager: 024b54d7dcb765c5bc99882cb4d5ea24a8cb7c3c
  IQKeyboardManagerSwift: 0d76a0f0420fe51d5fb28ca6a308c2effdf6c5c0
  RSKPlaceholderTextView: 52f26e643b6f9bbf16f45cd2bbe2181b6dfe090c
  SwiftLint: 5ce4d6a8ff83f1b5fd5ad5dbf30965d35af65e44

PODFILE CHECKSUM: 9966f86afcdbf89c72d7dbb802be808fbb4a91d9

COCOAPODS: 1.12.1
