// !$*UTF8*$!
{
	archiveVersion = 1;
	classes = {
	};
	objectVersion = 46;
	objects = {

/* Begin PBXBuildFile section */
		4C0EFE1F1CF2F9F500C908D3 /* ColorTableViewCell.swift in Sources */ = {isa = PBXBuildFile; fileRef = 4C0EFE1E1CF2F9F500C908D3 /* ColorTableViewCell.swift */; };
		4C0EFE211CF2FA0600C908D3 /* TextFieldTableViewCell.swift in Sources */ = {isa = PBXBuildFile; fileRef = 4C0EFE201CF2FA0600C908D3 /* TextFieldTableViewCell.swift */; };
		4C0EFE231CF2FA1200C908D3 /* ImageSwitchTableViewCell.swift in Sources */ = {isa = PBXBuildFile; fileRef = 4C0EFE221CF2FA1200C908D3 /* ImageSwitchTableViewCell.swift */; };
		4C0EFE291CF332BF00C908D3 /* RefreshLayoutViewController.swift in Sources */ = {isa = PBXBuildFile; fileRef = 4C0EFE281CF332BF00C908D3 /* RefreshLayoutViewController.swift */; };
		4C0EFE2F1CF332DD00C908D3 /* TextViewController.swift in Sources */ = {isa = PBXBuildFile; fileRef = 4C0EFE2E1CF332DD00C908D3 /* TextViewController.swift */; };
		4C134C811D10758F00C016CA /* SearchViewController.m in Sources */ = {isa = PBXBuildFile; fileRef = 4C134C801D10758F00C016CA /* SearchViewController.m */; };
		4C2F12E21D9E8CDF004AF58C /* PopoverViewController.swift in Sources */ = {isa = PBXBuildFile; fileRef = 4C2F12E11D9E8CDF004AF58C /* PopoverViewController.swift */; };
		4C34D9EF1D1319A60013E61D /* SearchViewController.swift in Sources */ = {isa = PBXBuildFile; fileRef = 4C34D9EE1D1319A60013E61D /* SearchViewController.swift */; };
		4C794CDC20D593E100502C9B /* Main.storyboard in Resources */ = {isa = PBXBuildFile; fileRef = 4C794CDE20D593E100502C9B /* Main.storyboard */; };
		4C794CE120D5945800502C9B /* General.storyboard in Resources */ = {isa = PBXBuildFile; fileRef = 4C794CE320D5945800502C9B /* General.storyboard */; };
		4C794CE620D5946000502C9B /* ScrollView.storyboard in Resources */ = {isa = PBXBuildFile; fileRef = 4C794CE820D5946000502C9B /* ScrollView.storyboard */; };
		4C794CEB20D5947000502C9B /* Settings.storyboard in Resources */ = {isa = PBXBuildFile; fileRef = 4C794CED20D5947000502C9B /* Settings.storyboard */; };
		4C794CF020D5947900502C9B /* SpecialCase.storyboard in Resources */ = {isa = PBXBuildFile; fileRef = 4C794CF220D5947900502C9B /* SpecialCase.storyboard */; };
		4C794CF520D5948600502C9B /* FullScreenControllers.storyboard in Resources */ = {isa = PBXBuildFile; fileRef = 4C794CF720D5948600502C9B /* FullScreenControllers.storyboard */; };
		4C794CFA20D5948E00502C9B /* Launch.storyboard in Resources */ = {isa = PBXBuildFile; fileRef = 4C794CFC20D5948E00502C9B /* Launch.storyboard */; };
		4C794CFF20D59BBA00502C9B /* Main.storyboard in Resources */ = {isa = PBXBuildFile; fileRef = 4C794D0120D59BBA00502C9B /* Main.storyboard */; };
		4C794D0420D59BC300502C9B /* General.storyboard in Resources */ = {isa = PBXBuildFile; fileRef = 4C794D0620D59BC300502C9B /* General.storyboard */; };
		4C794D0920D59BCC00502C9B /* ScrollView.storyboard in Resources */ = {isa = PBXBuildFile; fileRef = 4C794D0B20D59BCC00502C9B /* ScrollView.storyboard */; };
		4C794D0E20D59BDF00502C9B /* Settings.storyboard in Resources */ = {isa = PBXBuildFile; fileRef = 4C794D1020D59BDF00502C9B /* Settings.storyboard */; };
		4C794D1320D59BF200502C9B /* SpecialCase.storyboard in Resources */ = {isa = PBXBuildFile; fileRef = 4C794D1520D59BF200502C9B /* SpecialCase.storyboard */; };
		4C794D1820D59BFC00502C9B /* FullScreenControllers.storyboard in Resources */ = {isa = PBXBuildFile; fileRef = 4C794D1A20D59BFC00502C9B /* FullScreenControllers.storyboard */; };
		4C794D1D20D59C0500502C9B /* Launch.storyboard in Resources */ = {isa = PBXBuildFile; fileRef = 4C794D1F20D59C0500502C9B /* Launch.storyboard */; };
		4CE49FCF1D9E7FD40094FB36 /* PopoverViewController.m in Sources */ = {isa = PBXBuildFile; fileRef = 4CE49FCE1D9E7FD40094FB36 /* PopoverViewController.m */; };
		4CE611A01B98B7250020591A /* DemoObjCUITests.m in Sources */ = {isa = PBXBuildFile; fileRef = 4CE6119F1B98B7250020591A /* DemoObjCUITests.m */; };
		4CE74F441CF047610093AC0C /* RefreshLayoutViewController.m in Sources */ = {isa = PBXBuildFile; fileRef = 4CE74F431CF047610093AC0C /* RefreshLayoutViewController.m */; };
		4CE74F4D1CF080C10093AC0C /* TextViewController.m in Sources */ = {isa = PBXBuildFile; fileRef = 4CE74F4C1CF080C10093AC0C /* TextViewController.m */; };
		4CE74F581CF185F70093AC0C /* ColorPickerTextField.m in Sources */ = {isa = PBXBuildFile; fileRef = 4CE74F501CF185F70093AC0C /* ColorPickerTextField.m */; };
		4CE74F591CF185F70093AC0C /* ColorPickerTextField.m in Sources */ = {isa = PBXBuildFile; fileRef = 4CE74F501CF185F70093AC0C /* ColorPickerTextField.m */; };
		4CE74F5A1CF185F70093AC0C /* HFColorButton.m in Sources */ = {isa = PBXBuildFile; fileRef = 4CE74F531CF185F70093AC0C /* HFColorButton.m */; };
		4CE74F5B1CF185F70093AC0C /* HFColorButton.m in Sources */ = {isa = PBXBuildFile; fileRef = 4CE74F531CF185F70093AC0C /* HFColorButton.m */; };
		4CE74F5C1CF185F70093AC0C /* HFColorPickerView.m in Sources */ = {isa = PBXBuildFile; fileRef = 4CE74F551CF185F70093AC0C /* HFColorPickerView.m */; };
		4CE74F5D1CF185F70093AC0C /* HFColorPickerView.m in Sources */ = {isa = PBXBuildFile; fileRef = 4CE74F551CF185F70093AC0C /* HFColorPickerView.m */; };
		4CE74F5E1CF185F70093AC0C /* UIColor+HexColors.m in Sources */ = {isa = PBXBuildFile; fileRef = 4CE74F571CF185F70093AC0C /* UIColor+HexColors.m */; };
		4CE74F5F1CF185F70093AC0C /* UIColor+HexColors.m in Sources */ = {isa = PBXBuildFile; fileRef = 4CE74F571CF185F70093AC0C /* UIColor+HexColors.m */; };
		4CE74F621CF1864E0093AC0C /* ColorTableViewCell.m in Sources */ = {isa = PBXBuildFile; fileRef = 4CE74F611CF1864E0093AC0C /* ColorTableViewCell.m */; };
		4CE74F651CF186720093AC0C /* TextFieldTableViewCell.m in Sources */ = {isa = PBXBuildFile; fileRef = 4CE74F641CF186720093AC0C /* TextFieldTableViewCell.m */; };
		4CE74F681CF1BBCC0093AC0C /* ImageSwitchTableViewCell.m in Sources */ = {isa = PBXBuildFile; fileRef = 4CE74F671CF1BBCC0093AC0C /* ImageSwitchTableViewCell.m */; };
		4CF58EAD1D36BD910081FB08 /* Social.framework in Frameworks */ = {isa = PBXBuildFile; fileRef = 9D9A0FC218C9DB5700585D3F /* Social.framework */; };
		56FCBF7924C36672007B0332 /* WebKit.framework in Frameworks */ = {isa = PBXBuildFile; fileRef = 56FCBF7824C36672007B0332 /* WebKit.framework */; };
		56FCBF7A24C36678007B0332 /* WebKit.framework in Frameworks */ = {isa = PBXBuildFile; fileRef = 56FCBF7824C36672007B0332 /* WebKit.framework */; };
		56FCBF7B24C36686007B0332 /* CoreGraphics.framework in Frameworks */ = {isa = PBXBuildFile; fileRef = C0B63BA31781FAB1008D3B64 /* CoreGraphics.framework */; };
		56FCBF7C24C3668A007B0332 /* Foundation.framework in Frameworks */ = {isa = PBXBuildFile; fileRef = C0B63BA11781FAB1008D3B64 /* Foundation.framework */; };
		56FCBF7D24C3668E007B0332 /* UIKit.framework in Frameworks */ = {isa = PBXBuildFile; fileRef = C0B63B9F1781FAB1008D3B64 /* UIKit.framework */; };
		5E01D9D1D5DAED537E5F3846 /* Pods_DemoSwift.framework in Frameworks */ = {isa = PBXBuildFile; fileRef = ECCAA37FCDF6347632377497 /* Pods_DemoSwift.framework */; };
		74EEE75B8742B346576A7E78 /* Pods_DemoObjC.framework in Frameworks */ = {isa = PBXBuildFile; fileRef = 55CF83944ADEC65E0AF10B2E /* Pods_DemoObjC.framework */; };
		C0017B791BAD943400BD1D70 /* CustomViewController.swift in Sources */ = {isa = PBXBuildFile; fileRef = C0017B781BAD943400BD1D70 /* CustomViewController.swift */; };
		C03C87F51B8DCBF100295DFA /* SettingsViewController.swift in Sources */ = {isa = PBXBuildFile; fileRef = C03C87F41B8DCBF100295DFA /* SettingsViewController.swift */; };
		C03C87F71B8DCC1400295DFA /* OptionsViewController.swift in Sources */ = {isa = PBXBuildFile; fileRef = C03C87F61B8DCC1400295DFA /* OptionsViewController.swift */; };
		C03C87F91B8DCEC400295DFA /* NavigationTableViewCell.swift in Sources */ = {isa = PBXBuildFile; fileRef = C03C87F81B8DCEC400295DFA /* NavigationTableViewCell.swift */; };
		C03C87FB1B8DCED400295DFA /* OptionTableViewCell.swift in Sources */ = {isa = PBXBuildFile; fileRef = C03C87FA1B8DCED400295DFA /* OptionTableViewCell.swift */; };
		C03C87FD1B8DCEE700295DFA /* StepperTableViewCell.swift in Sources */ = {isa = PBXBuildFile; fileRef = C03C87FC1B8DCEE700295DFA /* StepperTableViewCell.swift */; };
		C03C87FF1B8DCEF400295DFA /* SwitchTableViewCell.swift in Sources */ = {isa = PBXBuildFile; fileRef = C03C87FE1B8DCEF400295DFA /* SwitchTableViewCell.swift */; };
		C0B63BA01781FAB1008D3B64 /* UIKit.framework in Frameworks */ = {isa = PBXBuildFile; fileRef = C0B63B9F1781FAB1008D3B64 /* UIKit.framework */; };
		C0B63BA21781FAB1008D3B64 /* Foundation.framework in Frameworks */ = {isa = PBXBuildFile; fileRef = C0B63BA11781FAB1008D3B64 /* Foundation.framework */; };
		C0B63BA41781FAB1008D3B64 /* CoreGraphics.framework in Frameworks */ = {isa = PBXBuildFile; fileRef = C0B63BA31781FAB1008D3B64 /* CoreGraphics.framework */; };
		C0CB61E71B884F1500C33368 /* iTunesArtwork in Resources */ = {isa = PBXBuildFile; fileRef = C0CB61CE1B884D4100C33368 /* iTunesArtwork */; };
		C0CB61E81B884F1500C33368 /* iTunesArtwork@2x in Resources */ = {isa = PBXBuildFile; fileRef = C0CB61CF1B884D4100C33368 /* iTunesArtwork@2x */; };
		C0CB61E91B884F1600C33368 /* iTunesArtwork in Resources */ = {isa = PBXBuildFile; fileRef = C0CB61CE1B884D4100C33368 /* iTunesArtwork */; };
		C0CB61EA1B884F1600C33368 /* iTunesArtwork@2x in Resources */ = {isa = PBXBuildFile; fileRef = C0CB61CF1B884D4100C33368 /* iTunesArtwork@2x */; };
		C0CB61EB1B884F1D00C33368 /* Images.xcassets in Resources */ = {isa = PBXBuildFile; fileRef = C0CB61CC1B884D4100C33368 /* Images.xcassets */; };
		C0CB61EC1B884F1E00C33368 /* Images.xcassets in Resources */ = {isa = PBXBuildFile; fileRef = C0CB61CC1B884D4100C33368 /* Images.xcassets */; };
		C0CB61EE1B884F2700C33368 /* CollectionViewDemoController.swift in Sources */ = {isa = PBXBuildFile; fileRef = C0CB61DB1B884D4100C33368 /* CollectionViewDemoController.swift */; };
		C0CB61EF1B884F2700C33368 /* ExampleTableViewController.swift in Sources */ = {isa = PBXBuildFile; fileRef = C0CB61DC1B884D4100C33368 /* ExampleTableViewController.swift */; };
		C0CB61F01B884F2700C33368 /* ManualToolbarViewController.swift in Sources */ = {isa = PBXBuildFile; fileRef = C0CB61DD1B884D4100C33368 /* ManualToolbarViewController.swift */; };
		C0CB61F11B884F2700C33368 /* NavigationBarViewController.swift in Sources */ = {isa = PBXBuildFile; fileRef = C0CB61DE1B884D4100C33368 /* NavigationBarViewController.swift */; };
		C0CB61F21B884F2700C33368 /* ScrollViewController.swift in Sources */ = {isa = PBXBuildFile; fileRef = C0CB61DF1B884D4100C33368 /* ScrollViewController.swift */; };
		C0CB61F31B884F2700C33368 /* SpecialCaseViewController.swift in Sources */ = {isa = PBXBuildFile; fileRef = C0CB61E01B884D4100C33368 /* SpecialCaseViewController.swift */; };
		C0CB61F41B884F2700C33368 /* TableViewInContainerViewController.swift in Sources */ = {isa = PBXBuildFile; fileRef = C0CB61E11B884D4100C33368 /* TableViewInContainerViewController.swift */; };
		C0CB61F51B884F2700C33368 /* TextFieldViewController.swift in Sources */ = {isa = PBXBuildFile; fileRef = C0CB61E21B884D4100C33368 /* TextFieldViewController.swift */; };
		C0CB61F61B884F2700C33368 /* TextSelectionViewController.swift in Sources */ = {isa = PBXBuildFile; fileRef = C0CB61E31B884D4100C33368 /* TextSelectionViewController.swift */; };
		C0CB61F71B884F2700C33368 /* TextViewSpecialCaseViewController.swift in Sources */ = {isa = PBXBuildFile; fileRef = C0CB61E41B884D4100C33368 /* TextViewSpecialCaseViewController.swift */; };
		C0CB61F81B884F2700C33368 /* ViewController.swift in Sources */ = {isa = PBXBuildFile; fileRef = C0CB61E51B884D4100C33368 /* ViewController.swift */; };
		C0CB61F91B884F2700C33368 /* WebViewController.swift in Sources */ = {isa = PBXBuildFile; fileRef = C0CB61E61B884D4100C33368 /* WebViewController.swift */; };
		C0CB61FC1B884F7900C33368 /* AppDelegate.swift in Sources */ = {isa = PBXBuildFile; fileRef = C0CB61D11B884D4100C33368 /* AppDelegate.swift */; };
		C0CB61FD1B884FA100C33368 /* AppDelegate.m in Sources */ = {isa = PBXBuildFile; fileRef = C0CB61911B884D4100C33368 /* AppDelegate.m */; };
		C0CB61FE1B884FA100C33368 /* NavigationTableViewCell.m in Sources */ = {isa = PBXBuildFile; fileRef = C0CB61941B884D4100C33368 /* NavigationTableViewCell.m */; };
		C0CB61FF1B884FA100C33368 /* OptionTableViewCell.m in Sources */ = {isa = PBXBuildFile; fileRef = C0CB61961B884D4100C33368 /* OptionTableViewCell.m */; };
		C0CB62001B884FA100C33368 /* StepperTableViewCell.m in Sources */ = {isa = PBXBuildFile; fileRef = C0CB61981B884D4100C33368 /* StepperTableViewCell.m */; };
		C0CB62011B884FA100C33368 /* SwitchTableViewCell.m in Sources */ = {isa = PBXBuildFile; fileRef = C0CB619A1B884D4100C33368 /* SwitchTableViewCell.m */; };
		C0CB62021B884FA100C33368 /* main.m in Sources */ = {isa = PBXBuildFile; fileRef = C0CB61A01B884D4100C33368 /* main.m */; };
		C0CB62051B884FA100C33368 /* CollectionViewDemoController.m in Sources */ = {isa = PBXBuildFile; fileRef = C0CB61AB1B884D4100C33368 /* CollectionViewDemoController.m */; };
		C0CB62071B884FA100C33368 /* CustomViewController.m in Sources */ = {isa = PBXBuildFile; fileRef = C0CB61AF1B884D4100C33368 /* CustomViewController.m */; };
		C0CB62081B884FA100C33368 /* ExampleTableViewController.m in Sources */ = {isa = PBXBuildFile; fileRef = C0CB61B11B884D4100C33368 /* ExampleTableViewController.m */; };
		C0CB62091B884FA100C33368 /* ManualToolbarViewController.m in Sources */ = {isa = PBXBuildFile; fileRef = C0CB61B31B884D4100C33368 /* ManualToolbarViewController.m */; };
		C0CB620A1B884FA100C33368 /* NavigationBarViewController.m in Sources */ = {isa = PBXBuildFile; fileRef = C0CB61B51B884D4100C33368 /* NavigationBarViewController.m */; };
		C0CB620B1B884FA100C33368 /* ScrollViewController.m in Sources */ = {isa = PBXBuildFile; fileRef = C0CB61B71B884D4100C33368 /* ScrollViewController.m */; };
		C0CB620C1B884FA100C33368 /* OptionsViewController.m in Sources */ = {isa = PBXBuildFile; fileRef = C0CB61BA1B884D4100C33368 /* OptionsViewController.m */; };
		C0CB620D1B884FA100C33368 /* SettingsViewController.m in Sources */ = {isa = PBXBuildFile; fileRef = C0CB61BC1B884D4100C33368 /* SettingsViewController.m */; };
		C0CB620E1B884FA100C33368 /* SpecialCaseViewController.m in Sources */ = {isa = PBXBuildFile; fileRef = C0CB61BE1B884D4100C33368 /* SpecialCaseViewController.m */; };
		C0CB620F1B884FA100C33368 /* TableViewInContainerViewController.m in Sources */ = {isa = PBXBuildFile; fileRef = C0CB61C01B884D4100C33368 /* TableViewInContainerViewController.m */; };
		C0CB62101B884FA100C33368 /* TextFieldViewController.m in Sources */ = {isa = PBXBuildFile; fileRef = C0CB61C21B884D4100C33368 /* TextFieldViewController.m */; };
		C0CB62111B884FA100C33368 /* TextSelectionViewController.m in Sources */ = {isa = PBXBuildFile; fileRef = C0CB61C41B884D4100C33368 /* TextSelectionViewController.m */; };
		C0CB62121B884FA100C33368 /* TextViewSpecialCaseViewController.m in Sources */ = {isa = PBXBuildFile; fileRef = C0CB61C61B884D4100C33368 /* TextViewSpecialCaseViewController.m */; };
		C0CB62131B884FA100C33368 /* ViewController.m in Sources */ = {isa = PBXBuildFile; fileRef = C0CB61C81B884D4100C33368 /* ViewController.m */; };
		C0CB62141B884FA100C33368 /* WebViewController.m in Sources */ = {isa = PBXBuildFile; fileRef = C0CB61CA1B884D4100C33368 /* WebViewController.m */; };
		C0CB62741B8856B300C33368 /* IQKeyboardManagerScreenshot.png in Resources */ = {isa = PBXBuildFile; fileRef = C0CB62731B8856B300C33368 /* IQKeyboardManagerScreenshot.png */; };
		C0CB62751B8856B300C33368 /* IQKeyboardManagerScreenshot.png in Resources */ = {isa = PBXBuildFile; fileRef = C0CB62731B8856B300C33368 /* IQKeyboardManagerScreenshot.png */; };
/* End PBXBuildFile section */

/* Begin PBXFileReference section */
		4C0EFE1E1CF2F9F500C908D3 /* ColorTableViewCell.swift */ = {isa = PBXFileReference; fileEncoding = 4; lastKnownFileType = sourcecode.swift; path = ColorTableViewCell.swift; sourceTree = "<group>"; };
		4C0EFE201CF2FA0600C908D3 /* TextFieldTableViewCell.swift */ = {isa = PBXFileReference; fileEncoding = 4; lastKnownFileType = sourcecode.swift; path = TextFieldTableViewCell.swift; sourceTree = "<group>"; };
		4C0EFE221CF2FA1200C908D3 /* ImageSwitchTableViewCell.swift */ = {isa = PBXFileReference; fileEncoding = 4; lastKnownFileType = sourcecode.swift; path = ImageSwitchTableViewCell.swift; sourceTree = "<group>"; };
		4C0EFE281CF332BF00C908D3 /* RefreshLayoutViewController.swift */ = {isa = PBXFileReference; fileEncoding = 4; lastKnownFileType = sourcecode.swift; path = RefreshLayoutViewController.swift; sourceTree = "<group>"; };
		4C0EFE2E1CF332DD00C908D3 /* TextViewController.swift */ = {isa = PBXFileReference; fileEncoding = 4; lastKnownFileType = sourcecode.swift; path = TextViewController.swift; sourceTree = "<group>"; };
		4C134C7F1D10758F00C016CA /* SearchViewController.h */ = {isa = PBXFileReference; fileEncoding = 4; lastKnownFileType = sourcecode.c.h; path = SearchViewController.h; sourceTree = "<group>"; };
		4C134C801D10758F00C016CA /* SearchViewController.m */ = {isa = PBXFileReference; fileEncoding = 4; lastKnownFileType = sourcecode.c.objc; path = SearchViewController.m; sourceTree = "<group>"; };
		4C2F12E11D9E8CDF004AF58C /* PopoverViewController.swift */ = {isa = PBXFileReference; fileEncoding = 4; lastKnownFileType = sourcecode.swift; path = PopoverViewController.swift; sourceTree = "<group>"; };
		4C34D9EE1D1319A60013E61D /* SearchViewController.swift */ = {isa = PBXFileReference; fileEncoding = 4; lastKnownFileType = sourcecode.swift; path = SearchViewController.swift; sourceTree = "<group>"; };
		4C794CDD20D593E100502C9B /* Base */ = {isa = PBXFileReference; lastKnownFileType = file.storyboard; name = Base; path = Base.lproj/Main.storyboard; sourceTree = "<group>"; };
		4C794CE020D593E500502C9B /* ar */ = {isa = PBXFileReference; lastKnownFileType = text.plist.strings; name = ar; path = ar.lproj/Main.strings; sourceTree = "<group>"; };
		4C794CE220D5945800502C9B /* Base */ = {isa = PBXFileReference; lastKnownFileType = file.storyboard; name = Base; path = Base.lproj/General.storyboard; sourceTree = "<group>"; };
		4C794CE520D5945B00502C9B /* ar */ = {isa = PBXFileReference; lastKnownFileType = text.plist.strings; name = ar; path = ar.lproj/General.strings; sourceTree = "<group>"; };
		4C794CE720D5946000502C9B /* Base */ = {isa = PBXFileReference; lastKnownFileType = file.storyboard; name = Base; path = Base.lproj/ScrollView.storyboard; sourceTree = "<group>"; };
		4C794CEA20D5946D00502C9B /* ar */ = {isa = PBXFileReference; lastKnownFileType = text.plist.strings; name = ar; path = ar.lproj/ScrollView.strings; sourceTree = "<group>"; };
		4C794CEC20D5947000502C9B /* Base */ = {isa = PBXFileReference; lastKnownFileType = file.storyboard; name = Base; path = Base.lproj/Settings.storyboard; sourceTree = "<group>"; };
		4C794CEF20D5947300502C9B /* ar */ = {isa = PBXFileReference; lastKnownFileType = text.plist.strings; name = ar; path = ar.lproj/Settings.strings; sourceTree = "<group>"; };
		4C794CF120D5947900502C9B /* Base */ = {isa = PBXFileReference; lastKnownFileType = file.storyboard; name = Base; path = Base.lproj/SpecialCase.storyboard; sourceTree = "<group>"; };
		4C794CF420D5948200502C9B /* ar */ = {isa = PBXFileReference; lastKnownFileType = text.plist.strings; name = ar; path = ar.lproj/SpecialCase.strings; sourceTree = "<group>"; };
		4C794CF620D5948600502C9B /* Base */ = {isa = PBXFileReference; lastKnownFileType = file.storyboard; name = Base; path = Base.lproj/FullScreenControllers.storyboard; sourceTree = "<group>"; };
		4C794CF920D5948900502C9B /* ar */ = {isa = PBXFileReference; lastKnownFileType = text.plist.strings; name = ar; path = ar.lproj/FullScreenControllers.strings; sourceTree = "<group>"; };
		4C794CFB20D5948E00502C9B /* Base */ = {isa = PBXFileReference; lastKnownFileType = file.storyboard; name = Base; path = Base.lproj/Launch.storyboard; sourceTree = "<group>"; };
		4C794CFE20D5949000502C9B /* ar */ = {isa = PBXFileReference; lastKnownFileType = text.plist.strings; name = ar; path = ar.lproj/Launch.strings; sourceTree = "<group>"; };
		4C794D0020D59BBA00502C9B /* Base */ = {isa = PBXFileReference; lastKnownFileType = file.storyboard; name = Base; path = Base.lproj/Main.storyboard; sourceTree = "<group>"; };
		4C794D0320D59BBF00502C9B /* ar */ = {isa = PBXFileReference; lastKnownFileType = text.plist.strings; name = ar; path = ar.lproj/Main.strings; sourceTree = "<group>"; };
		4C794D0520D59BC300502C9B /* Base */ = {isa = PBXFileReference; lastKnownFileType = file.storyboard; name = Base; path = Base.lproj/General.storyboard; sourceTree = "<group>"; };
		4C794D0820D59BC700502C9B /* ar */ = {isa = PBXFileReference; lastKnownFileType = text.plist.strings; name = ar; path = ar.lproj/General.strings; sourceTree = "<group>"; };
		4C794D0A20D59BCC00502C9B /* Base */ = {isa = PBXFileReference; lastKnownFileType = file.storyboard; name = Base; path = Base.lproj/ScrollView.storyboard; sourceTree = "<group>"; };
		4C794D0D20D59BDA00502C9B /* ar */ = {isa = PBXFileReference; lastKnownFileType = text.plist.strings; name = ar; path = ar.lproj/ScrollView.strings; sourceTree = "<group>"; };
		4C794D0F20D59BDF00502C9B /* Base */ = {isa = PBXFileReference; lastKnownFileType = file.storyboard; name = Base; path = Base.lproj/Settings.storyboard; sourceTree = "<group>"; };
		4C794D1220D59BEB00502C9B /* ar */ = {isa = PBXFileReference; lastKnownFileType = text.plist.strings; name = ar; path = ar.lproj/Settings.strings; sourceTree = "<group>"; };
		4C794D1420D59BF200502C9B /* Base */ = {isa = PBXFileReference; lastKnownFileType = file.storyboard; name = Base; path = Base.lproj/SpecialCase.storyboard; sourceTree = "<group>"; };
		4C794D1720D59BF900502C9B /* ar */ = {isa = PBXFileReference; lastKnownFileType = text.plist.strings; name = ar; path = ar.lproj/SpecialCase.strings; sourceTree = "<group>"; };
		4C794D1920D59BFC00502C9B /* Base */ = {isa = PBXFileReference; lastKnownFileType = file.storyboard; name = Base; path = Base.lproj/FullScreenControllers.storyboard; sourceTree = "<group>"; };
		4C794D1C20D59BFF00502C9B /* ar */ = {isa = PBXFileReference; lastKnownFileType = text.plist.strings; name = ar; path = ar.lproj/FullScreenControllers.strings; sourceTree = "<group>"; };
		4C794D1E20D59C0500502C9B /* Base */ = {isa = PBXFileReference; lastKnownFileType = file.storyboard; name = Base; path = Base.lproj/Launch.storyboard; sourceTree = "<group>"; };
		4C794D2120D59C0800502C9B /* ar */ = {isa = PBXFileReference; lastKnownFileType = text.plist.strings; name = ar; path = ar.lproj/Launch.strings; sourceTree = "<group>"; };
		4CE49FCD1D9E7FD40094FB36 /* PopoverViewController.h */ = {isa = PBXFileReference; fileEncoding = 4; lastKnownFileType = sourcecode.c.h; path = PopoverViewController.h; sourceTree = "<group>"; };
		4CE49FCE1D9E7FD40094FB36 /* PopoverViewController.m */ = {isa = PBXFileReference; fileEncoding = 4; lastKnownFileType = sourcecode.c.objc; path = PopoverViewController.m; sourceTree = "<group>"; };
		4CE6119D1B98B7250020591A /* DemoObjCUITests.xctest */ = {isa = PBXFileReference; explicitFileType = wrapper.cfbundle; includeInIndex = 0; path = DemoObjCUITests.xctest; sourceTree = BUILT_PRODUCTS_DIR; };
		4CE6119F1B98B7250020591A /* DemoObjCUITests.m */ = {isa = PBXFileReference; lastKnownFileType = sourcecode.c.objc; path = DemoObjCUITests.m; sourceTree = "<group>"; };
		4CE611A11B98B7250020591A /* Info.plist */ = {isa = PBXFileReference; lastKnownFileType = text.plist.xml; path = Info.plist; sourceTree = "<group>"; };
		4CE74F421CF047610093AC0C /* RefreshLayoutViewController.h */ = {isa = PBXFileReference; fileEncoding = 4; lastKnownFileType = sourcecode.c.h; path = RefreshLayoutViewController.h; sourceTree = "<group>"; };
		4CE74F431CF047610093AC0C /* RefreshLayoutViewController.m */ = {isa = PBXFileReference; fileEncoding = 4; lastKnownFileType = sourcecode.c.objc; path = RefreshLayoutViewController.m; sourceTree = "<group>"; };
		4CE74F4B1CF080C10093AC0C /* TextViewController.h */ = {isa = PBXFileReference; fileEncoding = 4; lastKnownFileType = sourcecode.c.h; path = TextViewController.h; sourceTree = "<group>"; };
		4CE74F4C1CF080C10093AC0C /* TextViewController.m */ = {isa = PBXFileReference; fileEncoding = 4; lastKnownFileType = sourcecode.c.objc; path = TextViewController.m; sourceTree = "<group>"; };
		4CE74F4F1CF185F70093AC0C /* ColorPickerTextField.h */ = {isa = PBXFileReference; fileEncoding = 4; lastKnownFileType = sourcecode.c.h; path = ColorPickerTextField.h; sourceTree = "<group>"; };
		4CE74F501CF185F70093AC0C /* ColorPickerTextField.m */ = {isa = PBXFileReference; fileEncoding = 4; lastKnownFileType = sourcecode.c.objc; path = ColorPickerTextField.m; sourceTree = "<group>"; };
		4CE74F521CF185F70093AC0C /* HFColorButton.h */ = {isa = PBXFileReference; fileEncoding = 4; lastKnownFileType = sourcecode.c.h; path = HFColorButton.h; sourceTree = "<group>"; };
		4CE74F531CF185F70093AC0C /* HFColorButton.m */ = {isa = PBXFileReference; fileEncoding = 4; lastKnownFileType = sourcecode.c.objc; path = HFColorButton.m; sourceTree = "<group>"; };
		4CE74F541CF185F70093AC0C /* HFColorPickerView.h */ = {isa = PBXFileReference; fileEncoding = 4; lastKnownFileType = sourcecode.c.h; path = HFColorPickerView.h; sourceTree = "<group>"; };
		4CE74F551CF185F70093AC0C /* HFColorPickerView.m */ = {isa = PBXFileReference; fileEncoding = 4; lastKnownFileType = sourcecode.c.objc; path = HFColorPickerView.m; sourceTree = "<group>"; };
		4CE74F561CF185F70093AC0C /* UIColor+HexColors.h */ = {isa = PBXFileReference; fileEncoding = 4; lastKnownFileType = sourcecode.c.h; path = "UIColor+HexColors.h"; sourceTree = "<group>"; };
		4CE74F571CF185F70093AC0C /* UIColor+HexColors.m */ = {isa = PBXFileReference; fileEncoding = 4; lastKnownFileType = sourcecode.c.objc; path = "UIColor+HexColors.m"; sourceTree = "<group>"; };
		4CE74F601CF1864E0093AC0C /* ColorTableViewCell.h */ = {isa = PBXFileReference; fileEncoding = 4; lastKnownFileType = sourcecode.c.h; path = ColorTableViewCell.h; sourceTree = "<group>"; };
		4CE74F611CF1864E0093AC0C /* ColorTableViewCell.m */ = {isa = PBXFileReference; fileEncoding = 4; lastKnownFileType = sourcecode.c.objc; path = ColorTableViewCell.m; sourceTree = "<group>"; };
		4CE74F631CF186720093AC0C /* TextFieldTableViewCell.h */ = {isa = PBXFileReference; fileEncoding = 4; lastKnownFileType = sourcecode.c.h; path = TextFieldTableViewCell.h; sourceTree = "<group>"; };
		4CE74F641CF186720093AC0C /* TextFieldTableViewCell.m */ = {isa = PBXFileReference; fileEncoding = 4; lastKnownFileType = sourcecode.c.objc; path = TextFieldTableViewCell.m; sourceTree = "<group>"; };
		4CE74F661CF1BBCC0093AC0C /* ImageSwitchTableViewCell.h */ = {isa = PBXFileReference; fileEncoding = 4; lastKnownFileType = sourcecode.c.h; path = ImageSwitchTableViewCell.h; sourceTree = "<group>"; };
		4CE74F671CF1BBCC0093AC0C /* ImageSwitchTableViewCell.m */ = {isa = PBXFileReference; fileEncoding = 4; lastKnownFileType = sourcecode.c.objc; path = ImageSwitchTableViewCell.m; sourceTree = "<group>"; };
		55CF83944ADEC65E0AF10B2E /* Pods_DemoObjC.framework */ = {isa = PBXFileReference; explicitFileType = wrapper.framework; includeInIndex = 0; path = Pods_DemoObjC.framework; sourceTree = BUILT_PRODUCTS_DIR; };
		56FCBF7824C36672007B0332 /* WebKit.framework */ = {isa = PBXFileReference; lastKnownFileType = wrapper.framework; name = WebKit.framework; path = System/Library/Frameworks/WebKit.framework; sourceTree = SDKROOT; };
		5FC4E5EE6D1D6932EE354185 /* Pods-DemoSwift.release.xcconfig */ = {isa = PBXFileReference; includeInIndex = 1; lastKnownFileType = text.xcconfig; name = "Pods-DemoSwift.release.xcconfig"; path = "Pods/Target Support Files/Pods-DemoSwift/Pods-DemoSwift.release.xcconfig"; sourceTree = "<group>"; };
		9D0BB82F18BB1AE100667349 /* Foundation.framework */ = {isa = PBXFileReference; lastKnownFileType = wrapper.framework; name = Foundation.framework; path = Library/Frameworks/Foundation.framework; sourceTree = SDKROOT; };
		9D0BB83018BB1AE100667349 /* CoreData.framework */ = {isa = PBXFileReference; lastKnownFileType = wrapper.framework; name = CoreData.framework; path = Library/Frameworks/CoreData.framework; sourceTree = SDKROOT; };
		9D0BB83118BB1AE100667349 /* AppKit.framework */ = {isa = PBXFileReference; lastKnownFileType = wrapper.framework; name = AppKit.framework; path = Library/Frameworks/AppKit.framework; sourceTree = SDKROOT; };
		9D0BB84118BB1AE100667349 /* XCTest.framework */ = {isa = PBXFileReference; lastKnownFileType = wrapper.framework; name = XCTest.framework; path = Library/Frameworks/XCTest.framework; sourceTree = DEVELOPER_DIR; };
		9D9A0FC218C9DB5700585D3F /* Social.framework */ = {isa = PBXFileReference; lastKnownFileType = wrapper.framework; name = Social.framework; path = System/Library/Frameworks/Social.framework; sourceTree = SDKROOT; };
		B79F5C95BFF3757CA09DA45B /* Pods-DemoObjC.debug.xcconfig */ = {isa = PBXFileReference; includeInIndex = 1; lastKnownFileType = text.xcconfig; name = "Pods-DemoObjC.debug.xcconfig"; path = "Pods/Target Support Files/Pods-DemoObjC/Pods-DemoObjC.debug.xcconfig"; sourceTree = "<group>"; };
		C0017B781BAD943400BD1D70 /* CustomViewController.swift */ = {isa = PBXFileReference; fileEncoding = 4; lastKnownFileType = sourcecode.swift; path = CustomViewController.swift; sourceTree = "<group>"; };
		C03C87F41B8DCBF100295DFA /* SettingsViewController.swift */ = {isa = PBXFileReference; fileEncoding = 4; lastKnownFileType = sourcecode.swift; path = SettingsViewController.swift; sourceTree = "<group>"; };
		C03C87F61B8DCC1400295DFA /* OptionsViewController.swift */ = {isa = PBXFileReference; fileEncoding = 4; lastKnownFileType = sourcecode.swift; path = OptionsViewController.swift; sourceTree = "<group>"; };
		C03C87F81B8DCEC400295DFA /* NavigationTableViewCell.swift */ = {isa = PBXFileReference; fileEncoding = 4; lastKnownFileType = sourcecode.swift; path = NavigationTableViewCell.swift; sourceTree = "<group>"; };
		C03C87FA1B8DCED400295DFA /* OptionTableViewCell.swift */ = {isa = PBXFileReference; fileEncoding = 4; lastKnownFileType = sourcecode.swift; path = OptionTableViewCell.swift; sourceTree = "<group>"; };
		C03C87FC1B8DCEE700295DFA /* StepperTableViewCell.swift */ = {isa = PBXFileReference; fileEncoding = 4; lastKnownFileType = sourcecode.swift; path = StepperTableViewCell.swift; sourceTree = "<group>"; };
		C03C87FE1B8DCEF400295DFA /* SwitchTableViewCell.swift */ = {isa = PBXFileReference; fileEncoding = 4; lastKnownFileType = sourcecode.swift; path = SwitchTableViewCell.swift; sourceTree = "<group>"; };
		C0ACB0F519CF104B0057B571 /* DemoSwift.app */ = {isa = PBXFileReference; explicitFileType = wrapper.application; includeInIndex = 0; path = DemoSwift.app; sourceTree = BUILT_PRODUCTS_DIR; };
		C0B63B9B1781FAB1008D3B64 /* IQKeyboardManagerDemo.app */ = {isa = PBXFileReference; explicitFileType = wrapper.application; includeInIndex = 0; path = IQKeyboardManagerDemo.app; sourceTree = BUILT_PRODUCTS_DIR; };
		C0B63B9F1781FAB1008D3B64 /* UIKit.framework */ = {isa = PBXFileReference; lastKnownFileType = wrapper.framework; name = UIKit.framework; path = System/Library/Frameworks/UIKit.framework; sourceTree = SDKROOT; };
		C0B63BA11781FAB1008D3B64 /* Foundation.framework */ = {isa = PBXFileReference; lastKnownFileType = wrapper.framework; name = Foundation.framework; path = System/Library/Frameworks/Foundation.framework; sourceTree = SDKROOT; };
		C0B63BA31781FAB1008D3B64 /* CoreGraphics.framework */ = {isa = PBXFileReference; lastKnownFileType = wrapper.framework; name = CoreGraphics.framework; path = System/Library/Frameworks/CoreGraphics.framework; sourceTree = SDKROOT; };
		C0CB61901B884D4100C33368 /* AppDelegate.h */ = {isa = PBXFileReference; lastKnownFileType = sourcecode.c.h; path = AppDelegate.h; sourceTree = "<group>"; };
		C0CB61911B884D4100C33368 /* AppDelegate.m */ = {isa = PBXFileReference; lastKnownFileType = sourcecode.c.objc; path = AppDelegate.m; sourceTree = "<group>"; };
		C0CB61931B884D4100C33368 /* NavigationTableViewCell.h */ = {isa = PBXFileReference; lastKnownFileType = sourcecode.c.h; path = NavigationTableViewCell.h; sourceTree = "<group>"; };
		C0CB61941B884D4100C33368 /* NavigationTableViewCell.m */ = {isa = PBXFileReference; lastKnownFileType = sourcecode.c.objc; path = NavigationTableViewCell.m; sourceTree = "<group>"; };
		C0CB61951B884D4100C33368 /* OptionTableViewCell.h */ = {isa = PBXFileReference; lastKnownFileType = sourcecode.c.h; path = OptionTableViewCell.h; sourceTree = "<group>"; };
		C0CB61961B884D4100C33368 /* OptionTableViewCell.m */ = {isa = PBXFileReference; lastKnownFileType = sourcecode.c.objc; path = OptionTableViewCell.m; sourceTree = "<group>"; };
		C0CB61971B884D4100C33368 /* StepperTableViewCell.h */ = {isa = PBXFileReference; lastKnownFileType = sourcecode.c.h; path = StepperTableViewCell.h; sourceTree = "<group>"; };
		C0CB61981B884D4100C33368 /* StepperTableViewCell.m */ = {isa = PBXFileReference; lastKnownFileType = sourcecode.c.objc; path = StepperTableViewCell.m; sourceTree = "<group>"; };
		C0CB61991B884D4100C33368 /* SwitchTableViewCell.h */ = {isa = PBXFileReference; lastKnownFileType = sourcecode.c.h; path = SwitchTableViewCell.h; sourceTree = "<group>"; };
		C0CB619A1B884D4100C33368 /* SwitchTableViewCell.m */ = {isa = PBXFileReference; lastKnownFileType = sourcecode.c.objc; path = SwitchTableViewCell.m; sourceTree = "<group>"; };
		C0CB619F1B884D4100C33368 /* Info.plist */ = {isa = PBXFileReference; lastKnownFileType = text.plist.xml; path = Info.plist; sourceTree = "<group>"; };
		C0CB61A01B884D4100C33368 /* main.m */ = {isa = PBXFileReference; lastKnownFileType = sourcecode.c.objc; path = main.m; sourceTree = "<group>"; };
		C0CB61AA1B884D4100C33368 /* CollectionViewDemoController.h */ = {isa = PBXFileReference; lastKnownFileType = sourcecode.c.h; path = CollectionViewDemoController.h; sourceTree = "<group>"; };
		C0CB61AB1B884D4100C33368 /* CollectionViewDemoController.m */ = {isa = PBXFileReference; lastKnownFileType = sourcecode.c.objc; path = CollectionViewDemoController.m; sourceTree = "<group>"; };
		C0CB61AE1B884D4100C33368 /* CustomViewController.h */ = {isa = PBXFileReference; lastKnownFileType = sourcecode.c.h; path = CustomViewController.h; sourceTree = "<group>"; };
		C0CB61AF1B884D4100C33368 /* CustomViewController.m */ = {isa = PBXFileReference; lastKnownFileType = sourcecode.c.objc; path = CustomViewController.m; sourceTree = "<group>"; };
		C0CB61B01B884D4100C33368 /* ExampleTableViewController.h */ = {isa = PBXFileReference; lastKnownFileType = sourcecode.c.h; path = ExampleTableViewController.h; sourceTree = "<group>"; };
		C0CB61B11B884D4100C33368 /* ExampleTableViewController.m */ = {isa = PBXFileReference; lastKnownFileType = sourcecode.c.objc; path = ExampleTableViewController.m; sourceTree = "<group>"; };
		C0CB61B21B884D4100C33368 /* ManualToolbarViewController.h */ = {isa = PBXFileReference; lastKnownFileType = sourcecode.c.h; path = ManualToolbarViewController.h; sourceTree = "<group>"; };
		C0CB61B31B884D4100C33368 /* ManualToolbarViewController.m */ = {isa = PBXFileReference; lastKnownFileType = sourcecode.c.objc; path = ManualToolbarViewController.m; sourceTree = "<group>"; };
		C0CB61B41B884D4100C33368 /* NavigationBarViewController.h */ = {isa = PBXFileReference; lastKnownFileType = sourcecode.c.h; path = NavigationBarViewController.h; sourceTree = "<group>"; };
		C0CB61B51B884D4100C33368 /* NavigationBarViewController.m */ = {isa = PBXFileReference; lastKnownFileType = sourcecode.c.objc; path = NavigationBarViewController.m; sourceTree = "<group>"; };
		C0CB61B61B884D4100C33368 /* ScrollViewController.h */ = {isa = PBXFileReference; lastKnownFileType = sourcecode.c.h; path = ScrollViewController.h; sourceTree = "<group>"; };
		C0CB61B71B884D4100C33368 /* ScrollViewController.m */ = {isa = PBXFileReference; lastKnownFileType = sourcecode.c.objc; path = ScrollViewController.m; sourceTree = "<group>"; };
		C0CB61B91B884D4100C33368 /* OptionsViewController.h */ = {isa = PBXFileReference; lastKnownFileType = sourcecode.c.h; path = OptionsViewController.h; sourceTree = "<group>"; };
		C0CB61BA1B884D4100C33368 /* OptionsViewController.m */ = {isa = PBXFileReference; lastKnownFileType = sourcecode.c.objc; path = OptionsViewController.m; sourceTree = "<group>"; };
		C0CB61BB1B884D4100C33368 /* SettingsViewController.h */ = {isa = PBXFileReference; lastKnownFileType = sourcecode.c.h; path = SettingsViewController.h; sourceTree = "<group>"; };
		C0CB61BC1B884D4100C33368 /* SettingsViewController.m */ = {isa = PBXFileReference; lastKnownFileType = sourcecode.c.objc; path = SettingsViewController.m; sourceTree = "<group>"; };
		C0CB61BD1B884D4100C33368 /* SpecialCaseViewController.h */ = {isa = PBXFileReference; lastKnownFileType = sourcecode.c.h; path = SpecialCaseViewController.h; sourceTree = "<group>"; };
		C0CB61BE1B884D4100C33368 /* SpecialCaseViewController.m */ = {isa = PBXFileReference; lastKnownFileType = sourcecode.c.objc; path = SpecialCaseViewController.m; sourceTree = "<group>"; };
		C0CB61BF1B884D4100C33368 /* TableViewInContainerViewController.h */ = {isa = PBXFileReference; lastKnownFileType = sourcecode.c.h; path = TableViewInContainerViewController.h; sourceTree = "<group>"; };
		C0CB61C01B884D4100C33368 /* TableViewInContainerViewController.m */ = {isa = PBXFileReference; lastKnownFileType = sourcecode.c.objc; path = TableViewInContainerViewController.m; sourceTree = "<group>"; };
		C0CB61C11B884D4100C33368 /* TextFieldViewController.h */ = {isa = PBXFileReference; lastKnownFileType = sourcecode.c.h; path = TextFieldViewController.h; sourceTree = "<group>"; };
		C0CB61C21B884D4100C33368 /* TextFieldViewController.m */ = {isa = PBXFileReference; lastKnownFileType = sourcecode.c.objc; path = TextFieldViewController.m; sourceTree = "<group>"; };
		C0CB61C31B884D4100C33368 /* TextSelectionViewController.h */ = {isa = PBXFileReference; lastKnownFileType = sourcecode.c.h; path = TextSelectionViewController.h; sourceTree = "<group>"; };
		C0CB61C41B884D4100C33368 /* TextSelectionViewController.m */ = {isa = PBXFileReference; lastKnownFileType = sourcecode.c.objc; path = TextSelectionViewController.m; sourceTree = "<group>"; };
		C0CB61C51B884D4100C33368 /* TextViewSpecialCaseViewController.h */ = {isa = PBXFileReference; lastKnownFileType = sourcecode.c.h; path = TextViewSpecialCaseViewController.h; sourceTree = "<group>"; };
		C0CB61C61B884D4100C33368 /* TextViewSpecialCaseViewController.m */ = {isa = PBXFileReference; lastKnownFileType = sourcecode.c.objc; path = TextViewSpecialCaseViewController.m; sourceTree = "<group>"; };
		C0CB61C71B884D4100C33368 /* ViewController.h */ = {isa = PBXFileReference; lastKnownFileType = sourcecode.c.h; path = ViewController.h; sourceTree = "<group>"; };
		C0CB61C81B884D4100C33368 /* ViewController.m */ = {isa = PBXFileReference; lastKnownFileType = sourcecode.c.objc; path = ViewController.m; sourceTree = "<group>"; };
		C0CB61C91B884D4100C33368 /* WebViewController.h */ = {isa = PBXFileReference; lastKnownFileType = sourcecode.c.h; path = WebViewController.h; sourceTree = "<group>"; };
		C0CB61CA1B884D4100C33368 /* WebViewController.m */ = {isa = PBXFileReference; lastKnownFileType = sourcecode.c.objc; path = WebViewController.m; sourceTree = "<group>"; };
		C0CB61CC1B884D4100C33368 /* Images.xcassets */ = {isa = PBXFileReference; lastKnownFileType = folder.assetcatalog; path = Images.xcassets; sourceTree = "<group>"; };
		C0CB61CE1B884D4100C33368 /* iTunesArtwork */ = {isa = PBXFileReference; lastKnownFileType = file; path = iTunesArtwork; sourceTree = "<group>"; };
		C0CB61CF1B884D4100C33368 /* iTunesArtwork@2x */ = {isa = PBXFileReference; lastKnownFileType = file; path = "iTunesArtwork@2x"; sourceTree = "<group>"; };
		C0CB61D11B884D4100C33368 /* AppDelegate.swift */ = {isa = PBXFileReference; lastKnownFileType = sourcecode.swift; path = AppDelegate.swift; sourceTree = "<group>"; };
		C0CB61D41B884D4100C33368 /* Info.plist */ = {isa = PBXFileReference; lastKnownFileType = text.plist.xml; path = Info.plist; sourceTree = "<group>"; };
		C0CB61D51B884D4100C33368 /* IQKeyboardManger-Swift-Bridging-Header.h */ = {isa = PBXFileReference; lastKnownFileType = sourcecode.c.h; path = "IQKeyboardManger-Swift-Bridging-Header.h"; sourceTree = "<group>"; };
		C0CB61DB1B884D4100C33368 /* CollectionViewDemoController.swift */ = {isa = PBXFileReference; lastKnownFileType = sourcecode.swift; path = CollectionViewDemoController.swift; sourceTree = "<group>"; };
		C0CB61DC1B884D4100C33368 /* ExampleTableViewController.swift */ = {isa = PBXFileReference; lastKnownFileType = sourcecode.swift; path = ExampleTableViewController.swift; sourceTree = "<group>"; };
		C0CB61DD1B884D4100C33368 /* ManualToolbarViewController.swift */ = {isa = PBXFileReference; lastKnownFileType = sourcecode.swift; path = ManualToolbarViewController.swift; sourceTree = "<group>"; };
		C0CB61DE1B884D4100C33368 /* NavigationBarViewController.swift */ = {isa = PBXFileReference; lastKnownFileType = sourcecode.swift; path = NavigationBarViewController.swift; sourceTree = "<group>"; };
		C0CB61DF1B884D4100C33368 /* ScrollViewController.swift */ = {isa = PBXFileReference; lastKnownFileType = sourcecode.swift; path = ScrollViewController.swift; sourceTree = "<group>"; };
		C0CB61E01B884D4100C33368 /* SpecialCaseViewController.swift */ = {isa = PBXFileReference; lastKnownFileType = sourcecode.swift; path = SpecialCaseViewController.swift; sourceTree = "<group>"; };
		C0CB61E11B884D4100C33368 /* TableViewInContainerViewController.swift */ = {isa = PBXFileReference; lastKnownFileType = sourcecode.swift; path = TableViewInContainerViewController.swift; sourceTree = "<group>"; };
		C0CB61E21B884D4100C33368 /* TextFieldViewController.swift */ = {isa = PBXFileReference; lastKnownFileType = sourcecode.swift; path = TextFieldViewController.swift; sourceTree = "<group>"; };
		C0CB61E31B884D4100C33368 /* TextSelectionViewController.swift */ = {isa = PBXFileReference; lastKnownFileType = sourcecode.swift; path = TextSelectionViewController.swift; sourceTree = "<group>"; };
		C0CB61E41B884D4100C33368 /* TextViewSpecialCaseViewController.swift */ = {isa = PBXFileReference; lastKnownFileType = sourcecode.swift; path = TextViewSpecialCaseViewController.swift; sourceTree = "<group>"; };
		C0CB61E51B884D4100C33368 /* ViewController.swift */ = {isa = PBXFileReference; lastKnownFileType = sourcecode.swift; path = ViewController.swift; sourceTree = "<group>"; };
		C0CB61E61B884D4100C33368 /* WebViewController.swift */ = {isa = PBXFileReference; lastKnownFileType = sourcecode.swift; path = WebViewController.swift; sourceTree = "<group>"; };
		C0CB62731B8856B300C33368 /* IQKeyboardManagerScreenshot.png */ = {isa = PBXFileReference; lastKnownFileType = image.png; name = IQKeyboardManagerScreenshot.png; path = Screenshot/IQKeyboardManagerScreenshot.png; sourceTree = SOURCE_ROOT; };
		ECCAA37FCDF6347632377497 /* Pods_DemoSwift.framework */ = {isa = PBXFileReference; explicitFileType = wrapper.framework; includeInIndex = 0; path = Pods_DemoSwift.framework; sourceTree = BUILT_PRODUCTS_DIR; };
		F4E9B15DB5990F895CB4EB7B /* Pods-DemoObjC.release.xcconfig */ = {isa = PBXFileReference; includeInIndex = 1; lastKnownFileType = text.xcconfig; name = "Pods-DemoObjC.release.xcconfig"; path = "Pods/Target Support Files/Pods-DemoObjC/Pods-DemoObjC.release.xcconfig"; sourceTree = "<group>"; };
		F7C7D2D527E621CDFB9FC681 /* Pods-DemoSwift.debug.xcconfig */ = {isa = PBXFileReference; includeInIndex = 1; lastKnownFileType = text.xcconfig; name = "Pods-DemoSwift.debug.xcconfig"; path = "Pods/Target Support Files/Pods-DemoSwift/Pods-DemoSwift.debug.xcconfig"; sourceTree = "<group>"; };
/* End PBXFileReference section */

/* Begin PBXFrameworksBuildPhase section */
		4CE6119A1B98B7250020591A /* Frameworks */ = {
			isa = PBXFrameworksBuildPhase;
			buildActionMask = 2147483647;
			files = (
			);
			runOnlyForDeploymentPostprocessing = 0;
		};
		C0ACB0F219CF104B0057B571 /* Frameworks */ = {
			isa = PBXFrameworksBuildPhase;
			buildActionMask = 2147483647;
			files = (
				56FCBF7C24C3668A007B0332 /* Foundation.framework in Frameworks */,
				56FCBF7D24C3668E007B0332 /* UIKit.framework in Frameworks */,
				56FCBF7B24C36686007B0332 /* CoreGraphics.framework in Frameworks */,
				4CF58EAD1D36BD910081FB08 /* Social.framework in Frameworks */,
				5E01D9D1D5DAED537E5F3846 /* Pods_DemoSwift.framework in Frameworks */,
				56FCBF7A24C36678007B0332 /* WebKit.framework in Frameworks */,
			);
			runOnlyForDeploymentPostprocessing = 0;
		};
		C0B63B981781FAB1008D3B64 /* Frameworks */ = {
			isa = PBXFrameworksBuildPhase;
			buildActionMask = 2147483647;
			files = (
				56FCBF7924C36672007B0332 /* WebKit.framework in Frameworks */,
				C0B63BA01781FAB1008D3B64 /* UIKit.framework in Frameworks */,
				C0B63BA21781FAB1008D3B64 /* Foundation.framework in Frameworks */,
				C0B63BA41781FAB1008D3B64 /* CoreGraphics.framework in Frameworks */,
				74EEE75B8742B346576A7E78 /* Pods_DemoObjC.framework in Frameworks */,
			);
			runOnlyForDeploymentPostprocessing = 0;
		};
/* End PBXFrameworksBuildPhase section */

/* Begin PBXGroup section */
		4CE6119E1B98B7250020591A /* DemoObjCUITests */ = {
			isa = PBXGroup;
			children = (
				4CE6119F1B98B7250020591A /* DemoObjCUITests.m */,
				4CE611A11B98B7250020591A /* Info.plist */,
			);
			name = DemoObjCUITests;
			path = ../../DemoObjCUITests;
			sourceTree = "<group>";
		};
		4CE74F4E1CF185F70093AC0C /* Color Picker TextField */ = {
			isa = PBXGroup;
			children = (
				4CE74F4F1CF185F70093AC0C /* ColorPickerTextField.h */,
				4CE74F501CF185F70093AC0C /* ColorPickerTextField.m */,
				4CE74F511CF185F70093AC0C /* HFColorPicker */,
				4CE74F561CF185F70093AC0C /* UIColor+HexColors.h */,
				4CE74F571CF185F70093AC0C /* UIColor+HexColors.m */,
			);
			path = "Color Picker TextField";
			sourceTree = "<group>";
		};
		4CE74F511CF185F70093AC0C /* HFColorPicker */ = {
			isa = PBXGroup;
			children = (
				4CE74F521CF185F70093AC0C /* HFColorButton.h */,
				4CE74F531CF185F70093AC0C /* HFColorButton.m */,
				4CE74F541CF185F70093AC0C /* HFColorPickerView.h */,
				4CE74F551CF185F70093AC0C /* HFColorPickerView.m */,
			);
			path = HFColorPicker;
			sourceTree = "<group>";
		};
		9D0BB82E18BB1AE100667349 /* Other Frameworks */ = {
			isa = PBXGroup;
			children = (
				9D0BB82F18BB1AE100667349 /* Foundation.framework */,
				9D0BB83018BB1AE100667349 /* CoreData.framework */,
				9D0BB83118BB1AE100667349 /* AppKit.framework */,
			);
			name = "Other Frameworks";
			sourceTree = "<group>";
		};
		C03C87F31B8DCBC900295DFA /* Settings */ = {
			isa = PBXGroup;
			children = (
				C03C87F61B8DCC1400295DFA /* OptionsViewController.swift */,
				C03C87F41B8DCBF100295DFA /* SettingsViewController.swift */,
			);
			name = Settings;
			sourceTree = "<group>";
		};
		C0B63B901781FAB0008D3B64 = {
			isa = PBXGroup;
			children = (
				C0CB618F1B884D4100C33368 /* Objective_C_Demo */,
				C0CB61D01B884D4100C33368 /* Swift_Demo */,
				C0CB61CB1B884D4100C33368 /* Resources */,
				C0B63B9E1781FAB1008D3B64 /* Frameworks */,
				C0B63B9C1781FAB1008D3B64 /* Products */,
				EFA5AFEC00910B83E6A41257 /* Pods */,
			);
			sourceTree = "<group>";
		};
		C0B63B9C1781FAB1008D3B64 /* Products */ = {
			isa = PBXGroup;
			children = (
				C0B63B9B1781FAB1008D3B64 /* IQKeyboardManagerDemo.app */,
				C0ACB0F519CF104B0057B571 /* DemoSwift.app */,
				4CE6119D1B98B7250020591A /* DemoObjCUITests.xctest */,
			);
			name = Products;
			sourceTree = "<group>";
		};
		C0B63B9E1781FAB1008D3B64 /* Frameworks */ = {
			isa = PBXGroup;
			children = (
				56FCBF7824C36672007B0332 /* WebKit.framework */,
				9D9A0FC218C9DB5700585D3F /* Social.framework */,
				C0B63B9F1781FAB1008D3B64 /* UIKit.framework */,
				C0B63BA11781FAB1008D3B64 /* Foundation.framework */,
				C0B63BA31781FAB1008D3B64 /* CoreGraphics.framework */,
				9D0BB84118BB1AE100667349 /* XCTest.framework */,
				9D0BB82E18BB1AE100667349 /* Other Frameworks */,
				ECCAA37FCDF6347632377497 /* Pods_DemoSwift.framework */,
				55CF83944ADEC65E0AF10B2E /* Pods_DemoObjC.framework */,
			);
			name = Frameworks;
			sourceTree = "<group>";
		};
		C0CB618F1B884D4100C33368 /* Objective_C_Demo */ = {
			isa = PBXGroup;
			children = (
				C0CB61901B884D4100C33368 /* AppDelegate.h */,
				C0CB61911B884D4100C33368 /* AppDelegate.m */,
				C0CB61921B884D4100C33368 /* Cell */,
				C0CB619B1B884D4100C33368 /* Resources */,
				C0CB61A11B884D4100C33368 /* Storyboard */,
				C0CB61A31B884D4100C33368 /* Third Party */,
				C0CB61A71B884D4100C33368 /* ViewController */,
			);
			name = Objective_C_Demo;
			path = Demo/Objective_C_Demo;
			sourceTree = "<group>";
		};
		C0CB61921B884D4100C33368 /* Cell */ = {
			isa = PBXGroup;
			children = (
				C0CB61931B884D4100C33368 /* NavigationTableViewCell.h */,
				C0CB61941B884D4100C33368 /* NavigationTableViewCell.m */,
				C0CB61951B884D4100C33368 /* OptionTableViewCell.h */,
				C0CB61961B884D4100C33368 /* OptionTableViewCell.m */,
				C0CB61971B884D4100C33368 /* StepperTableViewCell.h */,
				C0CB61981B884D4100C33368 /* StepperTableViewCell.m */,
				C0CB61991B884D4100C33368 /* SwitchTableViewCell.h */,
				C0CB619A1B884D4100C33368 /* SwitchTableViewCell.m */,
				4CE74F601CF1864E0093AC0C /* ColorTableViewCell.h */,
				4CE74F611CF1864E0093AC0C /* ColorTableViewCell.m */,
				4CE74F631CF186720093AC0C /* TextFieldTableViewCell.h */,
				4CE74F641CF186720093AC0C /* TextFieldTableViewCell.m */,
				4CE74F661CF1BBCC0093AC0C /* ImageSwitchTableViewCell.h */,
				4CE74F671CF1BBCC0093AC0C /* ImageSwitchTableViewCell.m */,
			);
			path = Cell;
			sourceTree = "<group>";
		};
		C0CB619B1B884D4100C33368 /* Resources */ = {
			isa = PBXGroup;
			children = (
				C0CB619F1B884D4100C33368 /* Info.plist */,
				C0CB61A01B884D4100C33368 /* main.m */,
			);
			path = Resources;
			sourceTree = "<group>";
		};
		C0CB61A11B884D4100C33368 /* Storyboard */ = {
			isa = PBXGroup;
			children = (
				4C794D0120D59BBA00502C9B /* Main.storyboard */,
				4C794D0620D59BC300502C9B /* General.storyboard */,
				4C794D0B20D59BCC00502C9B /* ScrollView.storyboard */,
				4C794D1020D59BDF00502C9B /* Settings.storyboard */,
				4C794D1520D59BF200502C9B /* SpecialCase.storyboard */,
				4C794D1A20D59BFC00502C9B /* FullScreenControllers.storyboard */,
				4C794D1F20D59C0500502C9B /* Launch.storyboard */,
			);
			path = Storyboard;
			sourceTree = "<group>";
		};
		C0CB61A31B884D4100C33368 /* Third Party */ = {
			isa = PBXGroup;
			children = (
				4CE74F4E1CF185F70093AC0C /* Color Picker TextField */,
			);
			path = "Third Party";
			sourceTree = "<group>";
		};
		C0CB61A71B884D4100C33368 /* ViewController */ = {
			isa = PBXGroup;
			children = (
				C0CB61B81B884D4100C33368 /* Settings */,
				C0CB61AA1B884D4100C33368 /* CollectionViewDemoController.h */,
				C0CB61AB1B884D4100C33368 /* CollectionViewDemoController.m */,
				C0CB61AE1B884D4100C33368 /* CustomViewController.h */,
				C0CB61AF1B884D4100C33368 /* CustomViewController.m */,
				C0CB61B01B884D4100C33368 /* ExampleTableViewController.h */,
				C0CB61B11B884D4100C33368 /* ExampleTableViewController.m */,
				C0CB61B21B884D4100C33368 /* ManualToolbarViewController.h */,
				C0CB61B31B884D4100C33368 /* ManualToolbarViewController.m */,
				C0CB61B41B884D4100C33368 /* NavigationBarViewController.h */,
				C0CB61B51B884D4100C33368 /* NavigationBarViewController.m */,
				C0CB61B61B884D4100C33368 /* ScrollViewController.h */,
				C0CB61B71B884D4100C33368 /* ScrollViewController.m */,
				C0CB61BD1B884D4100C33368 /* SpecialCaseViewController.h */,
				C0CB61BE1B884D4100C33368 /* SpecialCaseViewController.m */,
				C0CB61BF1B884D4100C33368 /* TableViewInContainerViewController.h */,
				C0CB61C01B884D4100C33368 /* TableViewInContainerViewController.m */,
				C0CB61C11B884D4100C33368 /* TextFieldViewController.h */,
				C0CB61C21B884D4100C33368 /* TextFieldViewController.m */,
				C0CB61C31B884D4100C33368 /* TextSelectionViewController.h */,
				C0CB61C41B884D4100C33368 /* TextSelectionViewController.m */,
				C0CB61C51B884D4100C33368 /* TextViewSpecialCaseViewController.h */,
				C0CB61C61B884D4100C33368 /* TextViewSpecialCaseViewController.m */,
				C0CB61C71B884D4100C33368 /* ViewController.h */,
				C0CB61C81B884D4100C33368 /* ViewController.m */,
				C0CB61C91B884D4100C33368 /* WebViewController.h */,
				C0CB61CA1B884D4100C33368 /* WebViewController.m */,
				4CE74F421CF047610093AC0C /* RefreshLayoutViewController.h */,
				4CE74F431CF047610093AC0C /* RefreshLayoutViewController.m */,
				4CE74F4B1CF080C10093AC0C /* TextViewController.h */,
				4CE74F4C1CF080C10093AC0C /* TextViewController.m */,
				4C134C7F1D10758F00C016CA /* SearchViewController.h */,
				4C134C801D10758F00C016CA /* SearchViewController.m */,
				4CE49FCD1D9E7FD40094FB36 /* PopoverViewController.h */,
				4CE49FCE1D9E7FD40094FB36 /* PopoverViewController.m */,
			);
			path = ViewController;
			sourceTree = "<group>";
		};
		C0CB61B81B884D4100C33368 /* Settings */ = {
			isa = PBXGroup;
			children = (
				C0CB61B91B884D4100C33368 /* OptionsViewController.h */,
				C0CB61BA1B884D4100C33368 /* OptionsViewController.m */,
				C0CB61BB1B884D4100C33368 /* SettingsViewController.h */,
				C0CB61BC1B884D4100C33368 /* SettingsViewController.m */,
			);
			path = Settings;
			sourceTree = "<group>";
		};
		C0CB61CB1B884D4100C33368 /* Resources */ = {
			isa = PBXGroup;
			children = (
				C0CB62731B8856B300C33368 /* IQKeyboardManagerScreenshot.png */,
				C0CB61CC1B884D4100C33368 /* Images.xcassets */,
				C0CB61CD1B884D4100C33368 /* iTunesArtwork */,
			);
			name = Resources;
			path = Demo/Resources;
			sourceTree = "<group>";
		};
		C0CB61CD1B884D4100C33368 /* iTunesArtwork */ = {
			isa = PBXGroup;
			children = (
				C0CB61CE1B884D4100C33368 /* iTunesArtwork */,
				C0CB61CF1B884D4100C33368 /* iTunesArtwork@2x */,
			);
			path = iTunesArtwork;
			sourceTree = "<group>";
		};
		C0CB61D01B884D4100C33368 /* Swift_Demo */ = {
			isa = PBXGroup;
			children = (
				C0CB61D11B884D4100C33368 /* AppDelegate.swift */,
				C0CB61D21B884D4100C33368 /* Cell */,
				C0CB61D31B884D4100C33368 /* Resources */,
				C0CB61D71B884D4100C33368 /* Storyboard */,
				C0CB61D91B884D4100C33368 /* ViewController */,
				4CE6119E1B98B7250020591A /* DemoObjCUITests */,
			);
			name = Swift_Demo;
			path = Demo/Swift_Demo;
			sourceTree = "<group>";
		};
		C0CB61D21B884D4100C33368 /* Cell */ = {
			isa = PBXGroup;
			children = (
				C03C87F81B8DCEC400295DFA /* NavigationTableViewCell.swift */,
				C03C87FA1B8DCED400295DFA /* OptionTableViewCell.swift */,
				C03C87FC1B8DCEE700295DFA /* StepperTableViewCell.swift */,
				C03C87FE1B8DCEF400295DFA /* SwitchTableViewCell.swift */,
				4C0EFE1E1CF2F9F500C908D3 /* ColorTableViewCell.swift */,
				4C0EFE201CF2FA0600C908D3 /* TextFieldTableViewCell.swift */,
				4C0EFE221CF2FA1200C908D3 /* ImageSwitchTableViewCell.swift */,
			);
			path = Cell;
			sourceTree = "<group>";
		};
		C0CB61D31B884D4100C33368 /* Resources */ = {
			isa = PBXGroup;
			children = (
				C0CB61D41B884D4100C33368 /* Info.plist */,
				C0CB61D51B884D4100C33368 /* IQKeyboardManger-Swift-Bridging-Header.h */,
			);
			path = Resources;
			sourceTree = "<group>";
		};
		C0CB61D71B884D4100C33368 /* Storyboard */ = {
			isa = PBXGroup;
			children = (
				4C794CDE20D593E100502C9B /* Main.storyboard */,
				4C794CE320D5945800502C9B /* General.storyboard */,
				4C794CE820D5946000502C9B /* ScrollView.storyboard */,
				4C794CED20D5947000502C9B /* Settings.storyboard */,
				4C794CF220D5947900502C9B /* SpecialCase.storyboard */,
				4C794CF720D5948600502C9B /* FullScreenControllers.storyboard */,
				4C794CFC20D5948E00502C9B /* Launch.storyboard */,
			);
			path = Storyboard;
			sourceTree = "<group>";
		};
		C0CB61D91B884D4100C33368 /* ViewController */ = {
			isa = PBXGroup;
			children = (
				C03C87F31B8DCBC900295DFA /* Settings */,
				C0CB61DB1B884D4100C33368 /* CollectionViewDemoController.swift */,
				C0017B781BAD943400BD1D70 /* CustomViewController.swift */,
				C0CB61DC1B884D4100C33368 /* ExampleTableViewController.swift */,
				C0CB61DD1B884D4100C33368 /* ManualToolbarViewController.swift */,
				C0CB61DE1B884D4100C33368 /* NavigationBarViewController.swift */,
				C0CB61DF1B884D4100C33368 /* ScrollViewController.swift */,
				C0CB61E01B884D4100C33368 /* SpecialCaseViewController.swift */,
				C0CB61E11B884D4100C33368 /* TableViewInContainerViewController.swift */,
				C0CB61E21B884D4100C33368 /* TextFieldViewController.swift */,
				C0CB61E31B884D4100C33368 /* TextSelectionViewController.swift */,
				C0CB61E41B884D4100C33368 /* TextViewSpecialCaseViewController.swift */,
				C0CB61E51B884D4100C33368 /* ViewController.swift */,
				C0CB61E61B884D4100C33368 /* WebViewController.swift */,
				4C0EFE281CF332BF00C908D3 /* RefreshLayoutViewController.swift */,
				4C0EFE2E1CF332DD00C908D3 /* TextViewController.swift */,
				4C34D9EE1D1319A60013E61D /* SearchViewController.swift */,
				4C2F12E11D9E8CDF004AF58C /* PopoverViewController.swift */,
			);
			path = ViewController;
			sourceTree = "<group>";
		};
		EFA5AFEC00910B83E6A41257 /* Pods */ = {
			isa = PBXGroup;
			children = (
				B79F5C95BFF3757CA09DA45B /* Pods-DemoObjC.debug.xcconfig */,
				F4E9B15DB5990F895CB4EB7B /* Pods-DemoObjC.release.xcconfig */,
				F7C7D2D527E621CDFB9FC681 /* Pods-DemoSwift.debug.xcconfig */,
				5FC4E5EE6D1D6932EE354185 /* Pods-DemoSwift.release.xcconfig */,
			);
			name = Pods;
			sourceTree = "<group>";
		};
/* End PBXGroup section */

/* Begin PBXNativeTarget section */
		4CE6119C1B98B7250020591A /* DemoObjCUITests */ = {
			isa = PBXNativeTarget;
			buildConfigurationList = 4CE611A61B98B7250020591A /* Build configuration list for PBXNativeTarget "DemoObjCUITests" */;
			buildPhases = (
				4CE611991B98B7250020591A /* Sources */,
				4CE6119A1B98B7250020591A /* Frameworks */,
				4CE6119B1B98B7250020591A /* Resources */,
			);
			buildRules = (
			);
			dependencies = (
			);
			name = DemoObjCUITests;
			productName = DemoObjCUITests;
			productReference = 4CE6119D1B98B7250020591A /* DemoObjCUITests.xctest */;
			productType = "com.apple.product-type.bundle.ui-testing";
		};
		C0ACB0F419CF104B0057B571 /* DemoSwift */ = {
			isa = PBXNativeTarget;
			buildConfigurationList = C0ACB11119CF10510057B571 /* Build configuration list for PBXNativeTarget "DemoSwift" */;
			buildPhases = (
				D85D78F460B5CF0FF9536757 /* [CP] Check Pods Manifest.lock */,
				C0ACB0F119CF104B0057B571 /* Sources */,
				C0ACB0F219CF104B0057B571 /* Frameworks */,
				C0ACB0F319CF104B0057B571 /* Resources */,
				C0B6F1C124F668D6009A24B2 /* ShellScript */,
				17B2CF02857B50C3053DFA79 /* [CP] Embed Pods Frameworks */,
			);
			buildRules = (
			);
			dependencies = (
			);
			name = DemoSwift;
			productName = "IQKeyboardManager Swift";
			productReference = C0ACB0F519CF104B0057B571 /* DemoSwift.app */;
			productType = "com.apple.product-type.application";
		};
		C0B63B9A1781FAB1008D3B64 /* DemoObjC */ = {
			isa = PBXNativeTarget;
			buildConfigurationList = C0B63BB91781FAB1008D3B64 /* Build configuration list for PBXNativeTarget "DemoObjC" */;
			buildPhases = (
				4869E4C3A62A52BE8C3461F8 /* [CP] Check Pods Manifest.lock */,
				C0B63B971781FAB1008D3B64 /* Sources */,
				C0B63B981781FAB1008D3B64 /* Frameworks */,
				C0B63B991781FAB1008D3B64 /* Resources */,
				44A8E642B5165FD9391AE82F /* [CP] Embed Pods Frameworks */,
			);
			buildRules = (
			);
			dependencies = (
			);
			name = DemoObjC;
			productName = KeyboardTextFieldDemo;
			productReference = C0B63B9B1781FAB1008D3B64 /* IQKeyboardManagerDemo.app */;
			productType = "com.apple.product-type.application";
		};
/* End PBXNativeTarget section */

/* Begin PBXProject section */
		C0B63B921781FAB0008D3B64 /* Project object */ = {
			isa = PBXProject;
			attributes = {
				LastSwiftMigration = 0700;
				LastSwiftUpdateCheck = 0700;
				LastUpgradeCheck = 0900;
				ORGANIZATIONNAME = Iftekhar;
				TargetAttributes = {
					4CE6119C1B98B7250020591A = {
						CreatedOnToolsVersion = 7.0;
						TestTargetID = C0B63B9A1781FAB1008D3B64;
					};
					C0ACB0F419CF104B0057B571 = {
						CreatedOnToolsVersion = 6.0.1;
						DevelopmentTeam = 7UUTF6T5P9;
						LastSwiftMigration = 1020;
					};
					C0B63B9A1781FAB1008D3B64 = {
						DevelopmentTeam = 7UUTF6T5P9;
						ProvisioningStyle = Automatic;
					};
				};
			};
			buildConfigurationList = C0B63B951781FAB0008D3B64 /* Build configuration list for PBXProject "Demo" */;
			compatibilityVersion = "Xcode 3.2";
			developmentRegion = en;
			hasScannedForEncodings = 0;
			knownRegions = (
				en,
				es,
				Base,
				ar,
			);
			mainGroup = C0B63B901781FAB0008D3B64;
			productRefGroup = C0B63B9C1781FAB1008D3B64 /* Products */;
			projectDirPath = "";
			projectRoot = "";
			targets = (
				C0B63B9A1781FAB1008D3B64 /* DemoObjC */,
				C0ACB0F419CF104B0057B571 /* DemoSwift */,
				4CE6119C1B98B7250020591A /* DemoObjCUITests */,
			);
		};
/* End PBXProject section */

/* Begin PBXResourcesBuildPhase section */
		4CE6119B1B98B7250020591A /* Resources */ = {
			isa = PBXResourcesBuildPhase;
			buildActionMask = 2147483647;
			files = (
			);
			runOnlyForDeploymentPostprocessing = 0;
		};
		C0ACB0F319CF104B0057B571 /* Resources */ = {
			isa = PBXResourcesBuildPhase;
			buildActionMask = 2147483647;
			files = (
				C0CB61EC1B884F1E00C33368 /* Images.xcassets in Resources */,
				C0CB62751B8856B300C33368 /* IQKeyboardManagerScreenshot.png in Resources */,
				4C794CF520D5948600502C9B /* FullScreenControllers.storyboard in Resources */,
				C0CB61E81B884F1500C33368 /* iTunesArtwork@2x in Resources */,
				C0CB61E71B884F1500C33368 /* iTunesArtwork in Resources */,
				4C794CE620D5946000502C9B /* ScrollView.storyboard in Resources */,
				4C794CDC20D593E100502C9B /* Main.storyboard in Resources */,
				4C794CFA20D5948E00502C9B /* Launch.storyboard in Resources */,
				4C794CEB20D5947000502C9B /* Settings.storyboard in Resources */,
				4C794CE120D5945800502C9B /* General.storyboard in Resources */,
				4C794CF020D5947900502C9B /* SpecialCase.storyboard in Resources */,
			);
			runOnlyForDeploymentPostprocessing = 0;
		};
		C0B63B991781FAB1008D3B64 /* Resources */ = {
			isa = PBXResourcesBuildPhase;
			buildActionMask = 2147483647;
			files = (
				C0CB61EB1B884F1D00C33368 /* Images.xcassets in Resources */,
				C0CB61EA1B884F1600C33368 /* iTunesArtwork@2x in Resources */,
				C0CB62741B8856B300C33368 /* IQKeyboardManagerScreenshot.png in Resources */,
				C0CB61E91B884F1600C33368 /* iTunesArtwork in Resources */,
				4C794CFF20D59BBA00502C9B /* Main.storyboard in Resources */,
				4C794D1D20D59C0500502C9B /* Launch.storyboard in Resources */,
				4C794D1320D59BF200502C9B /* SpecialCase.storyboard in Resources */,
				4C794D0E20D59BDF00502C9B /* Settings.storyboard in Resources */,
				4C794D1820D59BFC00502C9B /* FullScreenControllers.storyboard in Resources */,
				4C794D0920D59BCC00502C9B /* ScrollView.storyboard in Resources */,
				4C794D0420D59BC300502C9B /* General.storyboard in Resources */,
			);
			runOnlyForDeploymentPostprocessing = 0;
		};
/* End PBXResourcesBuildPhase section */

/* Begin PBXShellScriptBuildPhase section */
		17B2CF02857B50C3053DFA79 /* [CP] Embed Pods Frameworks */ = {
			isa = PBXShellScriptBuildPhase;
			buildActionMask = 2147483647;
			files = (
			);
			inputPaths = (
				"${PODS_ROOT}/Target Support Files/Pods-DemoSwift/Pods-DemoSwift-frameworks.sh",
				"${BUILT_PRODUCTS_DIR}/IQDropDownTextField/IQDropDownTextField.framework",
				"${BUILT_PRODUCTS_DIR}/IQKeyboardManagerSwift/IQKeyboardManagerSwift.framework",
			);
			name = "[CP] Embed Pods Frameworks";
			outputPaths = (
				"${TARGET_BUILD_DIR}/${FRAMEWORKS_FOLDER_PATH}/IQDropDownTextField.framework",
				"${TARGET_BUILD_DIR}/${FRAMEWORKS_FOLDER_PATH}/IQKeyboardManagerSwift.framework",
			);
			runOnlyForDeploymentPostprocessing = 0;
			shellPath = /bin/sh;
			shellScript = "\"${PODS_ROOT}/Target Support Files/Pods-DemoSwift/Pods-DemoSwift-frameworks.sh\"\n";
			showEnvVarsInLog = 0;
		};
		44A8E642B5165FD9391AE82F /* [CP] Embed Pods Frameworks */ = {
			isa = PBXShellScriptBuildPhase;
			buildActionMask = 2147483647;
			files = (
			);
			inputPaths = (
				"${PODS_ROOT}/Target Support Files/Pods-DemoObjC/Pods-DemoObjC-frameworks.sh",
				"${BUILT_PRODUCTS_DIR}/IQDropDownTextField/IQDropDownTextField.framework",
				"${BUILT_PRODUCTS_DIR}/IQKeyboardManager/IQKeyboardManager.framework",
			);
			name = "[CP] Embed Pods Frameworks";
			outputPaths = (
				"${TARGET_BUILD_DIR}/${FRAMEWORKS_FOLDER_PATH}/IQDropDownTextField.framework",
				"${TARGET_BUILD_DIR}/${FRAMEWORKS_FOLDER_PATH}/IQKeyboardManager.framework",
			);
			runOnlyForDeploymentPostprocessing = 0;
			shellPath = /bin/sh;
			shellScript = "\"${PODS_ROOT}/Target Support Files/Pods-DemoObjC/Pods-DemoObjC-frameworks.sh\"\n";
			showEnvVarsInLog = 0;
		};
		4869E4C3A62A52BE8C3461F8 /* [CP] Check Pods Manifest.lock */ = {
			isa = PBXShellScriptBuildPhase;
			buildActionMask = 2147483647;
			files = (
			);
			inputPaths = (
				"${PODS_PODFILE_DIR_PATH}/Podfile.lock",
				"${PODS_ROOT}/Manifest.lock",
			);
			name = "[CP] Check Pods Manifest.lock";
			outputPaths = (
				"$(DERIVED_FILE_DIR)/Pods-DemoObjC-checkManifestLockResult.txt",
			);
			runOnlyForDeploymentPostprocessing = 0;
			shellPath = /bin/sh;
			shellScript = "diff \"${PODS_PODFILE_DIR_PATH}/Podfile.lock\" \"${PODS_ROOT}/Manifest.lock\" > /dev/null\nif [ $? != 0 ] ; then\n    # print error to STDERR\n    echo \"error: The sandbox is not in sync with the Podfile.lock. Run 'pod install' or update your CocoaPods installation.\" >&2\n    exit 1\nfi\n# This output is used by Xcode 'outputs' to avoid re-running this script phase.\necho \"SUCCESS\" > \"${SCRIPT_OUTPUT_FILE_0}\"\n";
			showEnvVarsInLog = 0;
		};
		C0B6F1C124F668D6009A24B2 /* ShellScript */ = {
			isa = PBXShellScriptBuildPhase;
			buildActionMask = 2147483647;
			files = (
			);
			inputFileListPaths = (
			);
			inputPaths = (
			);
			outputFileListPaths = (
			);
			outputPaths = (
			);
			runOnlyForDeploymentPostprocessing = 0;
			shellPath = /bin/sh;
			shellScript = "\"${PODS_ROOT}/SwiftLint/swiftlint\"\n";
		};
		D85D78F460B5CF0FF9536757 /* [CP] Check Pods Manifest.lock */ = {
			isa = PBXShellScriptBuildPhase;
			buildActionMask = 2147483647;
			files = (
			);
			inputPaths = (
				"${PODS_PODFILE_DIR_PATH}/Podfile.lock",
				"${PODS_ROOT}/Manifest.lock",
			);
			name = "[CP] Check Pods Manifest.lock";
			outputPaths = (
				"$(DERIVED_FILE_DIR)/Pods-DemoSwift-checkManifestLockResult.txt",
			);
			runOnlyForDeploymentPostprocessing = 0;
			shellPath = /bin/sh;
			shellScript = "diff \"${PODS_PODFILE_DIR_PATH}/Podfile.lock\" \"${PODS_ROOT}/Manifest.lock\" > /dev/null\nif [ $? != 0 ] ; then\n    # print error to STDERR\n    echo \"error: The sandbox is not in sync with the Podfile.lock. Run 'pod install' or update your CocoaPods installation.\" >&2\n    exit 1\nfi\n# This output is used by Xcode 'outputs' to avoid re-running this script phase.\necho \"SUCCESS\" > \"${SCRIPT_OUTPUT_FILE_0}\"\n";
			showEnvVarsInLog = 0;
		};
/* End PBXShellScriptBuildPhase section */

/* Begin PBXSourcesBuildPhase section */
		4CE611991B98B7250020591A /* Sources */ = {
			isa = PBXSourcesBuildPhase;
			buildActionMask = 2147483647;
			files = (
				4CE611A01B98B7250020591A /* DemoObjCUITests.m in Sources */,
			);
			runOnlyForDeploymentPostprocessing = 0;
		};
		C0ACB0F119CF104B0057B571 /* Sources */ = {
			isa = PBXSourcesBuildPhase;
			buildActionMask = 2147483647;
			files = (
				C03C87F71B8DCC1400295DFA /* OptionsViewController.swift in Sources */,
				C0CB61F01B884F2700C33368 /* ManualToolbarViewController.swift in Sources */,
				C0CB61F21B884F2700C33368 /* ScrollViewController.swift in Sources */,
				C03C87FB1B8DCED400295DFA /* OptionTableViewCell.swift in Sources */,
				C03C87FF1B8DCEF400295DFA /* SwitchTableViewCell.swift in Sources */,
				C03C87FD1B8DCEE700295DFA /* StepperTableViewCell.swift in Sources */,
				C0CB61EF1B884F2700C33368 /* ExampleTableViewController.swift in Sources */,
				C0CB61F31B884F2700C33368 /* SpecialCaseViewController.swift in Sources */,
				4C0EFE2F1CF332DD00C908D3 /* TextViewController.swift in Sources */,
				4CE74F5D1CF185F70093AC0C /* HFColorPickerView.m in Sources */,
				C0CB61FC1B884F7900C33368 /* AppDelegate.swift in Sources */,
				C0CB61EE1B884F2700C33368 /* CollectionViewDemoController.swift in Sources */,
				C0CB61F81B884F2700C33368 /* ViewController.swift in Sources */,
				4CE74F591CF185F70093AC0C /* ColorPickerTextField.m in Sources */,
				4C0EFE1F1CF2F9F500C908D3 /* ColorTableViewCell.swift in Sources */,
				4C0EFE291CF332BF00C908D3 /* RefreshLayoutViewController.swift in Sources */,
				4C34D9EF1D1319A60013E61D /* SearchViewController.swift in Sources */,
				4CE74F5F1CF185F70093AC0C /* UIColor+HexColors.m in Sources */,
				C03C87F51B8DCBF100295DFA /* SettingsViewController.swift in Sources */,
				4C0EFE231CF2FA1200C908D3 /* ImageSwitchTableViewCell.swift in Sources */,
				4CE74F5B1CF185F70093AC0C /* HFColorButton.m in Sources */,
				C0CB61F71B884F2700C33368 /* TextViewSpecialCaseViewController.swift in Sources */,
				4C0EFE211CF2FA0600C908D3 /* TextFieldTableViewCell.swift in Sources */,
				C0CB61F61B884F2700C33368 /* TextSelectionViewController.swift in Sources */,
				C0CB61F11B884F2700C33368 /* NavigationBarViewController.swift in Sources */,
				C0017B791BAD943400BD1D70 /* CustomViewController.swift in Sources */,
				C0CB61F41B884F2700C33368 /* TableViewInContainerViewController.swift in Sources */,
				C0CB61F91B884F2700C33368 /* WebViewController.swift in Sources */,
				C0CB61F51B884F2700C33368 /* TextFieldViewController.swift in Sources */,
				4C2F12E21D9E8CDF004AF58C /* PopoverViewController.swift in Sources */,
				C03C87F91B8DCEC400295DFA /* NavigationTableViewCell.swift in Sources */,
			);
			runOnlyForDeploymentPostprocessing = 0;
		};
		C0B63B971781FAB1008D3B64 /* Sources */ = {
			isa = PBXSourcesBuildPhase;
			buildActionMask = 2147483647;
			files = (
				C0CB620B1B884FA100C33368 /* ScrollViewController.m in Sources */,
				C0CB62011B884FA100C33368 /* SwitchTableViewCell.m in Sources */,
				4CE74F441CF047610093AC0C /* RefreshLayoutViewController.m in Sources */,
				C0CB620A1B884FA100C33368 /* NavigationBarViewController.m in Sources */,
				C0CB62101B884FA100C33368 /* TextFieldViewController.m in Sources */,
				C0CB620F1B884FA100C33368 /* TableViewInContainerViewController.m in Sources */,
				4CE74F4D1CF080C10093AC0C /* TextViewController.m in Sources */,
				C0CB620E1B884FA100C33368 /* SpecialCaseViewController.m in Sources */,
				4CE74F581CF185F70093AC0C /* ColorPickerTextField.m in Sources */,
				4CE74F681CF1BBCC0093AC0C /* ImageSwitchTableViewCell.m in Sources */,
				C0CB62091B884FA100C33368 /* ManualToolbarViewController.m in Sources */,
				C0CB62071B884FA100C33368 /* CustomViewController.m in Sources */,
				4CE49FCF1D9E7FD40094FB36 /* PopoverViewController.m in Sources */,
				C0CB62051B884FA100C33368 /* CollectionViewDemoController.m in Sources */,
				C0CB61FF1B884FA100C33368 /* OptionTableViewCell.m in Sources */,
				C0CB620D1B884FA100C33368 /* SettingsViewController.m in Sources */,
				4CE74F5A1CF185F70093AC0C /* HFColorButton.m in Sources */,
				4C134C811D10758F00C016CA /* SearchViewController.m in Sources */,
				C0CB62081B884FA100C33368 /* ExampleTableViewController.m in Sources */,
				C0CB61FD1B884FA100C33368 /* AppDelegate.m in Sources */,
				4CE74F5C1CF185F70093AC0C /* HFColorPickerView.m in Sources */,
				C0CB61FE1B884FA100C33368 /* NavigationTableViewCell.m in Sources */,
				C0CB62021B884FA100C33368 /* main.m in Sources */,
				C0CB620C1B884FA100C33368 /* OptionsViewController.m in Sources */,
				C0CB62141B884FA100C33368 /* WebViewController.m in Sources */,
				C0CB62001B884FA100C33368 /* StepperTableViewCell.m in Sources */,
				C0CB62131B884FA100C33368 /* ViewController.m in Sources */,
				C0CB62121B884FA100C33368 /* TextViewSpecialCaseViewController.m in Sources */,
				4CE74F621CF1864E0093AC0C /* ColorTableViewCell.m in Sources */,
				C0CB62111B884FA100C33368 /* TextSelectionViewController.m in Sources */,
				4CE74F5E1CF185F70093AC0C /* UIColor+HexColors.m in Sources */,
				4CE74F651CF186720093AC0C /* TextFieldTableViewCell.m in Sources */,
			);
			runOnlyForDeploymentPostprocessing = 0;
		};
/* End PBXSourcesBuildPhase section */

/* Begin PBXVariantGroup section */
		4C794CDE20D593E100502C9B /* Main.storyboard */ = {
			isa = PBXVariantGroup;
			children = (
				4C794CDD20D593E100502C9B /* Base */,
				4C794CE020D593E500502C9B /* ar */,
			);
			name = Main.storyboard;
			sourceTree = "<group>";
		};
		4C794CE320D5945800502C9B /* General.storyboard */ = {
			isa = PBXVariantGroup;
			children = (
				4C794CE220D5945800502C9B /* Base */,
				4C794CE520D5945B00502C9B /* ar */,
			);
			name = General.storyboard;
			sourceTree = "<group>";
		};
		4C794CE820D5946000502C9B /* ScrollView.storyboard */ = {
			isa = PBXVariantGroup;
			children = (
				4C794CE720D5946000502C9B /* Base */,
				4C794CEA20D5946D00502C9B /* ar */,
			);
			name = ScrollView.storyboard;
			sourceTree = "<group>";
		};
		4C794CED20D5947000502C9B /* Settings.storyboard */ = {
			isa = PBXVariantGroup;
			children = (
				4C794CEC20D5947000502C9B /* Base */,
				4C794CEF20D5947300502C9B /* ar */,
			);
			name = Settings.storyboard;
			sourceTree = "<group>";
		};
		4C794CF220D5947900502C9B /* SpecialCase.storyboard */ = {
			isa = PBXVariantGroup;
			children = (
				4C794CF120D5947900502C9B /* Base */,
				4C794CF420D5948200502C9B /* ar */,
			);
			name = SpecialCase.storyboard;
			sourceTree = "<group>";
		};
		4C794CF720D5948600502C9B /* FullScreenControllers.storyboard */ = {
			isa = PBXVariantGroup;
			children = (
				4C794CF620D5948600502C9B /* Base */,
				4C794CF920D5948900502C9B /* ar */,
			);
			name = FullScreenControllers.storyboard;
			sourceTree = "<group>";
		};
		4C794CFC20D5948E00502C9B /* Launch.storyboard */ = {
			isa = PBXVariantGroup;
			children = (
				4C794CFB20D5948E00502C9B /* Base */,
				4C794CFE20D5949000502C9B /* ar */,
			);
			name = Launch.storyboard;
			sourceTree = "<group>";
		};
		4C794D0120D59BBA00502C9B /* Main.storyboard */ = {
			isa = PBXVariantGroup;
			children = (
				4C794D0020D59BBA00502C9B /* Base */,
				4C794D0320D59BBF00502C9B /* ar */,
			);
			name = Main.storyboard;
			sourceTree = "<group>";
		};
		4C794D0620D59BC300502C9B /* General.storyboard */ = {
			isa = PBXVariantGroup;
			children = (
				4C794D0520D59BC300502C9B /* Base */,
				4C794D0820D59BC700502C9B /* ar */,
			);
			name = General.storyboard;
			sourceTree = "<group>";
		};
		4C794D0B20D59BCC00502C9B /* ScrollView.storyboard */ = {
			isa = PBXVariantGroup;
			children = (
				4C794D0A20D59BCC00502C9B /* Base */,
				4C794D0D20D59BDA00502C9B /* ar */,
			);
			name = ScrollView.storyboard;
			sourceTree = "<group>";
		};
		4C794D1020D59BDF00502C9B /* Settings.storyboard */ = {
			isa = PBXVariantGroup;
			children = (
				4C794D0F20D59BDF00502C9B /* Base */,
				4C794D1220D59BEB00502C9B /* ar */,
			);
			name = Settings.storyboard;
			sourceTree = "<group>";
		};
		4C794D1520D59BF200502C9B /* SpecialCase.storyboard */ = {
			isa = PBXVariantGroup;
			children = (
				4C794D1420D59BF200502C9B /* Base */,
				4C794D1720D59BF900502C9B /* ar */,
			);
			name = SpecialCase.storyboard;
			sourceTree = "<group>";
		};
		4C794D1A20D59BFC00502C9B /* FullScreenControllers.storyboard */ = {
			isa = PBXVariantGroup;
			children = (
				4C794D1920D59BFC00502C9B /* Base */,
				4C794D1C20D59BFF00502C9B /* ar */,
			);
			name = FullScreenControllers.storyboard;
			sourceTree = "<group>";
		};
		4C794D1F20D59C0500502C9B /* Launch.storyboard */ = {
			isa = PBXVariantGroup;
			children = (
				4C794D1E20D59C0500502C9B /* Base */,
				4C794D2120D59C0800502C9B /* ar */,
			);
			name = Launch.storyboard;
			sourceTree = "<group>";
		};
/* End PBXVariantGroup section */

/* Begin XCBuildConfiguration section */
		4CE611A41B98B7250020591A /* Debug */ = {
			isa = XCBuildConfiguration;
			buildSettings = {
				CLANG_CXX_LANGUAGE_STANDARD = "gnu++0x";
				CLANG_CXX_LIBRARY = "libc++";
				CLANG_ENABLE_MODULES = YES;
				CLANG_WARN_DIRECT_OBJC_ISA_USAGE = YES_ERROR;
				CLANG_WARN_OBJC_ROOT_CLASS = YES_ERROR;
				DEBUG_INFORMATION_FORMAT = dwarf;
				ENABLE_TESTABILITY = YES;
				GCC_WARN_ABOUT_RETURN_TYPE = YES_ERROR;
				GCC_WARN_UNINITIALIZED_AUTOS = YES_AGGRESSIVE;
				INFOPLIST_FILE = DemoObjCUITests/Info.plist;
				IPHONEOS_DEPLOYMENT_TARGET = 9.0;
				LD_RUNPATH_SEARCH_PATHS = "$(inherited) @executable_path/Frameworks @loader_path/Frameworks";
				MTL_ENABLE_DEBUG_INFO = YES;
				PRODUCT_BUNDLE_IDENTIFIER = com.iftekhar.DemoObjCUITests;
				PRODUCT_NAME = "$(TARGET_NAME)";
				TEST_TARGET_NAME = DemoObjC;
				USES_XCTRUNNER = YES;
			};
			name = Debug;
		};
		4CE611A51B98B7250020591A /* Release */ = {
			isa = XCBuildConfiguration;
			buildSettings = {
				CLANG_CXX_LANGUAGE_STANDARD = "gnu++0x";
				CLANG_CXX_LIBRARY = "libc++";
				CLANG_ENABLE_MODULES = YES;
				CLANG_WARN_DIRECT_OBJC_ISA_USAGE = YES_ERROR;
				CLANG_WARN_OBJC_ROOT_CLASS = YES_ERROR;
				COPY_PHASE_STRIP = NO;
				DEBUG_INFORMATION_FORMAT = "dwarf-with-dsym";
				ENABLE_NS_ASSERTIONS = NO;
				GCC_WARN_ABOUT_RETURN_TYPE = YES_ERROR;
				GCC_WARN_UNINITIALIZED_AUTOS = YES_AGGRESSIVE;
				INFOPLIST_FILE = DemoObjCUITests/Info.plist;
				IPHONEOS_DEPLOYMENT_TARGET = 9.0;
				LD_RUNPATH_SEARCH_PATHS = "$(inherited) @executable_path/Frameworks @loader_path/Frameworks";
				MTL_ENABLE_DEBUG_INFO = NO;
				PRODUCT_BUNDLE_IDENTIFIER = com.iftekhar.DemoObjCUITests;
				PRODUCT_NAME = "$(TARGET_NAME)";
				TEST_TARGET_NAME = DemoObjC;
				USES_XCTRUNNER = YES;
			};
			name = Release;
		};
		C0ACB11219CF10510057B571 /* Debug */ = {
			isa = XCBuildConfiguration;
			baseConfigurationReference = F7C7D2D527E621CDFB9FC681 /* Pods-DemoSwift.debug.xcconfig */;
			buildSettings = {
				ALWAYS_EMBED_SWIFT_STANDARD_LIBRARIES = "$(inherited)";
				ASSETCATALOG_COMPILER_APPICON_NAME = AppIcon;
				ASSETCATALOG_COMPILER_LAUNCHIMAGE_NAME = "";
				CLANG_CXX_LANGUAGE_STANDARD = "gnu++0x";
				CLANG_CXX_LIBRARY = "libc++";
				CLANG_ENABLE_MODULES = YES;
				CLANG_MODULES_AUTOLINK = NO;
				CLANG_WARN_DIRECT_OBJC_ISA_USAGE = YES_ERROR;
				CLANG_WARN_OBJC_LITERAL_CONVERSION = NO;
				CLANG_WARN_OBJC_ROOT_CLASS = YES_ERROR;
				CLANG_WARN_SUSPICIOUS_IMPLICIT_CONVERSION = NO;
				CLANG_WARN_UNREACHABLE_CODE = YES;
				CODE_SIGN_IDENTITY = "iPhone Developer";
				CURRENT_PROJECT_VERSION = 6.5.7;
				ENABLE_STRICT_OBJC_MSGSEND = YES;
				GCC_PREPROCESSOR_DEFINITIONS = "$(inherited)";
				GCC_WARN_ABOUT_RETURN_TYPE = YES_ERROR;
				GCC_WARN_UNINITIALIZED_AUTOS = YES_AGGRESSIVE;
				INFOPLIST_FILE = Demo/Swift_Demo/Resources/Info.plist;
				IPHONEOS_DEPLOYMENT_TARGET = 9.0;
				LD_RUNPATH_SEARCH_PATHS = "$(inherited) @executable_path/Frameworks";
				MARKETING_VERSION = 6.5;
				MTL_ENABLE_DEBUG_INFO = YES;
				OTHER_SWIFT_FLAGS = "$(inherited)";
				PRODUCT_BUNDLE_IDENTIFIER = com.iftekhar.IQKeyboardManagerSwift;
				PRODUCT_NAME = DemoSwift;
				SWIFT_OBJC_BRIDGING_HEADER = "Demo/Swift_Demo/Resources/IQKeyboardManger-Swift-Bridging-Header.h";
				SWIFT_OPTIMIZATION_LEVEL = "-Onone";
				SWIFT_VERSION = 5.0;
				TARGETED_DEVICE_FAMILY = "1,2";
			};
			name = Debug;
		};
		C0ACB11319CF10510057B571 /* Release */ = {
			isa = XCBuildConfiguration;
			baseConfigurationReference = 5FC4E5EE6D1D6932EE354185 /* Pods-DemoSwift.release.xcconfig */;
			buildSettings = {
				ALWAYS_EMBED_SWIFT_STANDARD_LIBRARIES = "$(inherited)";
				ASSETCATALOG_COMPILER_APPICON_NAME = AppIcon;
				ASSETCATALOG_COMPILER_LAUNCHIMAGE_NAME = "";
				CLANG_CXX_LANGUAGE_STANDARD = "gnu++0x";
				CLANG_CXX_LIBRARY = "libc++";
				CLANG_ENABLE_MODULES = YES;
				CLANG_MODULES_AUTOLINK = NO;
				CLANG_WARN_DIRECT_OBJC_ISA_USAGE = YES_ERROR;
				CLANG_WARN_OBJC_LITERAL_CONVERSION = NO;
				CLANG_WARN_OBJC_ROOT_CLASS = YES_ERROR;
				CLANG_WARN_SUSPICIOUS_IMPLICIT_CONVERSION = NO;
				CLANG_WARN_UNREACHABLE_CODE = YES;
				CODE_SIGN_IDENTITY = "iPhone Developer";
				CURRENT_PROJECT_VERSION = 6.5.7;
				ENABLE_NS_ASSERTIONS = NO;
				ENABLE_STRICT_OBJC_MSGSEND = YES;
				GCC_WARN_ABOUT_RETURN_TYPE = YES_ERROR;
				GCC_WARN_UNINITIALIZED_AUTOS = YES_AGGRESSIVE;
				INFOPLIST_FILE = Demo/Swift_Demo/Resources/Info.plist;
				IPHONEOS_DEPLOYMENT_TARGET = 9.0;
				LD_RUNPATH_SEARCH_PATHS = "$(inherited) @executable_path/Frameworks";
				MARKETING_VERSION = 6.5;
				MTL_ENABLE_DEBUG_INFO = NO;
				OTHER_SWIFT_FLAGS = "$(inherited)";
				PRODUCT_BUNDLE_IDENTIFIER = com.iftekhar.IQKeyboardManagerSwift;
				PRODUCT_NAME = DemoSwift;
				SWIFT_OBJC_BRIDGING_HEADER = "Demo/Swift_Demo/Resources/IQKeyboardManger-Swift-Bridging-Header.h";
				SWIFT_VERSION = 5.0;
				TARGETED_DEVICE_FAMILY = "1,2";
			};
			name = Release;
		};
		C0B63BB71781FAB1008D3B64 /* Debug */ = {
			isa = XCBuildConfiguration;
			buildSettings = {
				ALWAYS_EMBED_SWIFT_STANDARD_LIBRARIES = "$(inherited)";
				ALWAYS_SEARCH_USER_PATHS = NO;
				CLANG_ANALYZER_LOCALIZABILITY_NONLOCALIZED = YES;
				CLANG_ENABLE_OBJC_ARC = YES;
				CLANG_WARN_ASSIGN_ENUM = YES;
				CLANG_WARN_BLOCK_CAPTURE_AUTORELEASING = YES;
				CLANG_WARN_BOOL_CONVERSION = YES;
				CLANG_WARN_COMMA = YES;
				CLANG_WARN_CONSTANT_CONVERSION = YES;
				CLANG_WARN_DEPRECATED_OBJC_IMPLEMENTATIONS = YES;
				CLANG_WARN_DOCUMENTATION_COMMENTS = YES;
				CLANG_WARN_EMPTY_BODY = YES;
				CLANG_WARN_ENUM_CONVERSION = YES;
				CLANG_WARN_IMPLICIT_SIGN_CONVERSION = NO;
				CLANG_WARN_INFINITE_RECURSION = YES;
				CLANG_WARN_INT_CONVERSION = YES;
				CLANG_WARN_NON_LITERAL_NULL_CONVERSION = YES;
				CLANG_WARN_OBJC_EXPLICIT_OWNERSHIP_TYPE = YES;
				CLANG_WARN_OBJC_IMPLICIT_ATOMIC_PROPERTIES = YES;
				CLANG_WARN_OBJC_IMPLICIT_RETAIN_SELF = YES;
				CLANG_WARN_OBJC_LITERAL_CONVERSION = NO;
				CLANG_WARN_OBJC_MISSING_PROPERTY_SYNTHESIS = NO;
				CLANG_WARN_OBJC_REPEATED_USE_OF_WEAK = YES;
				CLANG_WARN_RANGE_LOOP_ANALYSIS = YES;
				CLANG_WARN_STRICT_PROTOTYPES = YES;
				CLANG_WARN_SUSPICIOUS_IMPLICIT_CONVERSION = NO;
				CLANG_WARN_SUSPICIOUS_MOVE = YES;
				CLANG_WARN_UNREACHABLE_CODE = YES;
				CLANG_WARN__DUPLICATE_METHOD_MATCH = YES;
				CODE_SIGN_IDENTITY = "iPhone Developer";
				"CODE_SIGN_IDENTITY[sdk=iphoneos*]" = "iPhone Developer";
				COPY_PHASE_STRIP = NO;
				ENABLE_STRICT_OBJC_MSGSEND = YES;
				ENABLE_TESTABILITY = YES;
				GCC_C_LANGUAGE_STANDARD = gnu99;
				GCC_DYNAMIC_NO_PIC = NO;
				GCC_NO_COMMON_BLOCKS = YES;
				GCC_OPTIMIZATION_LEVEL = 0;
				GCC_PREPROCESSOR_DEFINITIONS = (
					"DEBUG=1",
					"$(inherited)",
				);
				GCC_SYMBOLS_PRIVATE_EXTERN = NO;
				GCC_TREAT_IMPLICIT_FUNCTION_DECLARATIONS_AS_ERRORS = YES;
				GCC_TREAT_INCOMPATIBLE_POINTER_TYPE_WARNINGS_AS_ERRORS = YES;
				GCC_VERSION = com.apple.compilers.llvm.clang.1_0;
				GCC_WARN_64_TO_32_BIT_CONVERSION = YES;
				GCC_WARN_ABOUT_MISSING_FIELD_INITIALIZERS = YES;
				GCC_WARN_ABOUT_MISSING_PROTOTYPES = YES;
				GCC_WARN_ABOUT_RETURN_TYPE = YES;
				GCC_WARN_INITIALIZER_NOT_FULLY_BRACKETED = YES;
				GCC_WARN_SHADOW = YES;
				GCC_WARN_SIGN_COMPARE = NO;
				GCC_WARN_STRICT_SELECTOR_MATCH = YES;
				GCC_WARN_UNDECLARED_SELECTOR = YES;
				GCC_WARN_UNINITIALIZED_AUTOS = YES;
				GCC_WARN_UNKNOWN_PRAGMAS = YES;
				GCC_WARN_UNUSED_FUNCTION = YES;
				GCC_WARN_UNUSED_LABEL = YES;
				GCC_WARN_UNUSED_PARAMETER = NO;
				GCC_WARN_UNUSED_VARIABLE = YES;
				IPHONEOS_DEPLOYMENT_TARGET = 8.0;
				MACOSX_DEPLOYMENT_TARGET = 10.10;
				ONLY_ACTIVE_ARCH = YES;
				OTHER_SWIFT_FLAGS = "$(inherited)";
				SDKROOT = iphoneos;
			};
			name = Debug;
		};
		C0B63BB81781FAB1008D3B64 /* Release */ = {
			isa = XCBuildConfiguration;
			buildSettings = {
				ALWAYS_EMBED_SWIFT_STANDARD_LIBRARIES = "$(inherited)";
				ALWAYS_SEARCH_USER_PATHS = NO;
				CLANG_ANALYZER_LOCALIZABILITY_NONLOCALIZED = YES;
				CLANG_ENABLE_OBJC_ARC = YES;
				CLANG_WARN_ASSIGN_ENUM = YES;
				CLANG_WARN_BLOCK_CAPTURE_AUTORELEASING = YES;
				CLANG_WARN_BOOL_CONVERSION = YES;
				CLANG_WARN_COMMA = YES;
				CLANG_WARN_CONSTANT_CONVERSION = YES;
				CLANG_WARN_DEPRECATED_OBJC_IMPLEMENTATIONS = YES;
				CLANG_WARN_DOCUMENTATION_COMMENTS = YES;
				CLANG_WARN_EMPTY_BODY = YES;
				CLANG_WARN_ENUM_CONVERSION = YES;
				CLANG_WARN_IMPLICIT_SIGN_CONVERSION = NO;
				CLANG_WARN_INFINITE_RECURSION = YES;
				CLANG_WARN_INT_CONVERSION = YES;
				CLANG_WARN_NON_LITERAL_NULL_CONVERSION = YES;
				CLANG_WARN_OBJC_EXPLICIT_OWNERSHIP_TYPE = YES;
				CLANG_WARN_OBJC_IMPLICIT_ATOMIC_PROPERTIES = YES;
				CLANG_WARN_OBJC_IMPLICIT_RETAIN_SELF = YES;
				CLANG_WARN_OBJC_LITERAL_CONVERSION = NO;
				CLANG_WARN_OBJC_MISSING_PROPERTY_SYNTHESIS = NO;
				CLANG_WARN_OBJC_REPEATED_USE_OF_WEAK = YES;
				CLANG_WARN_RANGE_LOOP_ANALYSIS = YES;
				CLANG_WARN_STRICT_PROTOTYPES = YES;
				CLANG_WARN_SUSPICIOUS_IMPLICIT_CONVERSION = NO;
				CLANG_WARN_SUSPICIOUS_MOVE = YES;
				CLANG_WARN_UNREACHABLE_CODE = YES;
				CLANG_WARN__DUPLICATE_METHOD_MATCH = YES;
				CODE_SIGN_IDENTITY = "iPhone Developer";
				"CODE_SIGN_IDENTITY[sdk=iphoneos*]" = "iPhone Developer";
				COPY_PHASE_STRIP = YES;
				ENABLE_STRICT_OBJC_MSGSEND = YES;
				GCC_C_LANGUAGE_STANDARD = gnu99;
				GCC_NO_COMMON_BLOCKS = YES;
				GCC_PREPROCESSOR_DEFINITIONS = "$(inherited)";
				GCC_TREAT_IMPLICIT_FUNCTION_DECLARATIONS_AS_ERRORS = YES;
				GCC_TREAT_INCOMPATIBLE_POINTER_TYPE_WARNINGS_AS_ERRORS = YES;
				GCC_VERSION = com.apple.compilers.llvm.clang.1_0;
				GCC_WARN_64_TO_32_BIT_CONVERSION = YES;
				GCC_WARN_ABOUT_MISSING_FIELD_INITIALIZERS = YES;
				GCC_WARN_ABOUT_MISSING_PROTOTYPES = YES;
				GCC_WARN_ABOUT_RETURN_TYPE = YES;
				GCC_WARN_INITIALIZER_NOT_FULLY_BRACKETED = YES;
				GCC_WARN_SHADOW = YES;
				GCC_WARN_SIGN_COMPARE = NO;
				GCC_WARN_STRICT_SELECTOR_MATCH = YES;
				GCC_WARN_UNDECLARED_SELECTOR = YES;
				GCC_WARN_UNINITIALIZED_AUTOS = YES;
				GCC_WARN_UNKNOWN_PRAGMAS = YES;
				GCC_WARN_UNUSED_FUNCTION = YES;
				GCC_WARN_UNUSED_LABEL = YES;
				GCC_WARN_UNUSED_PARAMETER = NO;
				GCC_WARN_UNUSED_VARIABLE = YES;
				IPHONEOS_DEPLOYMENT_TARGET = 8.0;
				MACOSX_DEPLOYMENT_TARGET = 10.10;
				OTHER_CFLAGS = "-DNS_BLOCK_ASSERTIONS=1";
				OTHER_SWIFT_FLAGS = "$(inherited)";
				SDKROOT = iphoneos;
				SWIFT_OPTIMIZATION_LEVEL = "-Owholemodule";
				VALIDATE_PRODUCT = YES;
			};
			name = Release;
		};
		C0B63BBA1781FAB1008D3B64 /* Debug */ = {
			isa = XCBuildConfiguration;
			baseConfigurationReference = B79F5C95BFF3757CA09DA45B /* Pods-DemoObjC.debug.xcconfig */;
			buildSettings = {
				ASSETCATALOG_COMPILER_APPICON_NAME = AppIcon;
				ASSETCATALOG_COMPILER_LAUNCHIMAGE_NAME = "";
				CLANG_ENABLE_MODULES = YES;
				CLANG_UNDEFINED_BEHAVIOR_SANITIZER_NULLABILITY = YES;
				CLANG_WARN_OBJC_EXPLICIT_OWNERSHIP_TYPE = YES;
				CLANG_WARN_OBJC_IMPLICIT_RETAIN_SELF = YES;
				CLANG_WARN_OBJC_REPEATED_USE_OF_WEAK = YES;
				CODE_SIGN_IDENTITY = "iPhone Developer: Iftekhar Qurashi (RFN29V7Q6Y)";
				"CODE_SIGN_IDENTITY[sdk=iphoneos*]" = "iPhone Developer";
				CURRENT_PROJECT_VERSION = 6.5.7;
				DEVELOPMENT_TEAM = "";
				GCC_C_LANGUAGE_STANDARD = c99;
				GCC_PRECOMPILE_PREFIX_HEADER = YES;
				GCC_PREFIX_HEADER = "";
				GCC_PREPROCESSOR_DEFINITIONS = "$(inherited)";
				GCC_WARN_SHADOW = YES;
				GCC_WARN_STRICT_SELECTOR_MATCH = YES;
				GCC_WARN_UNUSED_LABEL = YES;
				GCC_WARN_UNUSED_PARAMETER = NO;
				INFOPLIST_FILE = Demo/Objective_C_Demo/Resources/Info.plist;
				IPHONEOS_DEPLOYMENT_TARGET = 9.0;
				LD_RUNPATH_SEARCH_PATHS = "$(inherited) @executable_path/Frameworks";
				MARKETING_VERSION = 6.5;
				PRODUCT_BUNDLE_IDENTIFIER = com.iftekhar.IQKeyboardManager;
				PRODUCT_NAME = IQKeyboardManagerDemo;
				PROVISIONING_PROFILE = "";
				PROVISIONING_PROFILE_SPECIFIER = "";
				SWIFT_OPTIMIZATION_LEVEL = "-Onone";
				TARGETED_DEVICE_FAMILY = "1,2";
				WRAPPER_EXTENSION = app;
			};
			name = Debug;
		};
		C0B63BBB1781FAB1008D3B64 /* Release */ = {
			isa = XCBuildConfiguration;
			baseConfigurationReference = F4E9B15DB5990F895CB4EB7B /* Pods-DemoObjC.release.xcconfig */;
			buildSettings = {
				ASSETCATALOG_COMPILER_APPICON_NAME = AppIcon;
				ASSETCATALOG_COMPILER_LAUNCHIMAGE_NAME = "";
				CLANG_ENABLE_MODULES = YES;
				CLANG_UNDEFINED_BEHAVIOR_SANITIZER_NULLABILITY = YES;
				CLANG_WARN_OBJC_EXPLICIT_OWNERSHIP_TYPE = YES;
				CLANG_WARN_OBJC_IMPLICIT_RETAIN_SELF = YES;
				CLANG_WARN_OBJC_REPEATED_USE_OF_WEAK = YES;
				CODE_SIGN_IDENTITY = "iPhone Developer: Iftekhar Qurashi (RFN29V7Q6Y)";
				"CODE_SIGN_IDENTITY[sdk=iphoneos*]" = "iPhone Developer";
				CURRENT_PROJECT_VERSION = 6.5.7;
				DEVELOPMENT_TEAM = "";
				GCC_C_LANGUAGE_STANDARD = c99;
				GCC_PRECOMPILE_PREFIX_HEADER = YES;
				GCC_PREFIX_HEADER = "";
				GCC_PREPROCESSOR_DEFINITIONS = "$(inherited)";
				GCC_WARN_SHADOW = YES;
				GCC_WARN_STRICT_SELECTOR_MATCH = YES;
				GCC_WARN_UNUSED_LABEL = YES;
				GCC_WARN_UNUSED_PARAMETER = NO;
				INFOPLIST_FILE = Demo/Objective_C_Demo/Resources/Info.plist;
				IPHONEOS_DEPLOYMENT_TARGET = 9.0;
				LD_RUNPATH_SEARCH_PATHS = "$(inherited) @executable_path/Frameworks";
				MARKETING_VERSION = 6.5;
				PRODUCT_BUNDLE_IDENTIFIER = com.iftekhar.IQKeyboardManager;
				PRODUCT_NAME = IQKeyboardManagerDemo;
				PROVISIONING_PROFILE = "";
				PROVISIONING_PROFILE_SPECIFIER = "";
				TARGETED_DEVICE_FAMILY = "1,2";
				WRAPPER_EXTENSION = app;
			};
			name = Release;
		};
/* End XCBuildConfiguration section */

/* Begin XCConfigurationList section */
		4CE611A61B98B7250020591A /* Build configuration list for PBXNativeTarget "DemoObjCUITests" */ = {
			isa = XCConfigurationList;
			buildConfigurations = (
				4CE611A41B98B7250020591A /* Debug */,
				4CE611A51B98B7250020591A /* Release */,
			);
			defaultConfigurationIsVisible = 0;
			defaultConfigurationName = Release;
		};
		C0ACB11119CF10510057B571 /* Build configuration list for PBXNativeTarget "DemoSwift" */ = {
			isa = XCConfigurationList;
			buildConfigurations = (
				C0ACB11219CF10510057B571 /* Debug */,
				C0ACB11319CF10510057B571 /* Release */,
			);
			defaultConfigurationIsVisible = 0;
			defaultConfigurationName = Release;
		};
		C0B63B951781FAB0008D3B64 /* Build configuration list for PBXProject "Demo" */ = {
			isa = XCConfigurationList;
			buildConfigurations = (
				C0B63BB71781FAB1008D3B64 /* Debug */,
				C0B63BB81781FAB1008D3B64 /* Release */,
			);
			defaultConfigurationIsVisible = 0;
			defaultConfigurationName = Release;
		};
		C0B63BB91781FAB1008D3B64 /* Build configuration list for PBXNativeTarget "DemoObjC" */ = {
			isa = XCConfigurationList;
			buildConfigurations = (
				C0B63BBA1781FAB1008D3B64 /* Debug */,
				C0B63BBB1781FAB1008D3B64 /* Release */,
			);
			defaultConfigurationIsVisible = 0;
			defaultConfigurationName = Release;
		};
/* End XCConfigurationList section */
	};
	rootObject = C0B63B921781FAB0008D3B64 /* Project object */;
}
