// !$*UTF8*$!
{
	archiveVersion = 1;
	classes = {
	};
	objectVersion = 46;
	objects = {

/* Begin PBXBuildFile section */
		AF4301BA179E92C400FADAC6 /* Default-568h@2x.png in Resources */ = {isa = PBXBuildFile; fileRef = AF4301B9179E92C400FADAC6 /* Default-568h@2x.png */; };
		AFF236C117CA224400760F6C /* IQKeyBoardManager.m in Sources */ = {isa = PBXBuildFile; fileRef = AFF236BE17CA224400760F6C /* IQKeyBoardManager.m */; };
		C0B63BA01781FAB1008D3B64 /* UIKit.framework in Frameworks */ = {isa = PBXBuildFile; fileRef = C0B63B9F1781FAB1008D3B64 /* UIKit.framework */; };
		C0B63BA21781FAB1008D3B64 /* Foundation.framework in Frameworks */ = {isa = PBXBuildFile; fileRef = C0B63BA11781FAB1008D3B64 /* Foundation.framework */; };
		C0B63BA41781FAB1008D3B64 /* CoreGraphics.framework in Frameworks */ = {isa = PBXBuildFile; fileRef = C0B63BA31781FAB1008D3B64 /* CoreGraphics.framework */; };
		C0B63BAA1781FAB1008D3B64 /* InfoPlist.strings in Resources */ = {isa = PBXBuildFile; fileRef = C0B63BA81781FAB1008D3B64 /* InfoPlist.strings */; };
		C0B63BAC1781FAB1008D3B64 /* main.m in Sources */ = {isa = PBXBuildFile; fileRef = C0B63BAB1781FAB1008D3B64 /* main.m */; };
		C0B63BB01781FAB1008D3B64 /* AppDelegate.m in Sources */ = {isa = PBXBuildFile; fileRef = C0B63BAF1781FAB1008D3B64 /* AppDelegate.m */; };
		C0B63BB31781FAB1008D3B64 /* ViewController.m in Sources */ = {isa = PBXBuildFile; fileRef = C0B63BB21781FAB1008D3B64 /* ViewController.m */; };
		C0DB7D0A184FBA6000F5C892 /* WebViewController.m in Sources */ = {isa = PBXBuildFile; fileRef = C0DB7D08184FBA6000F5C892 /* WebViewController.m */; };
		C0DB7D0B184FBA6000F5C892 /* WebViewController.xib in Resources */ = {isa = PBXBuildFile; fileRef = C0DB7D09184FBA6000F5C892 /* WebViewController.xib */; };
		C0FAECC817F2351700962F68 /* ViewController.xib in Resources */ = {isa = PBXBuildFile; fileRef = C0FAECC717F2351700962F68 /* ViewController.xib */; };
/* End PBXBuildFile section */

/* Begin PBXFileReference section */
		AF4301B9179E92C400FADAC6 /* Default-568h@2x.png */ = {isa = PBXFileReference; lastKnownFileType = image.png; path = "Default-568h@2x.png"; sourceTree = "<group>"; };
		AFF236BD17CA224400760F6C /* IQKeyBoardManager.h */ = {isa = PBXFileReference; fileEncoding = 4; lastKnownFileType = sourcecode.c.h; path = IQKeyBoardManager.h; sourceTree = "<group>"; };
		AFF236BE17CA224400760F6C /* IQKeyBoardManager.m */ = {isa = PBXFileReference; fileEncoding = 4; lastKnownFileType = sourcecode.c.objc; path = IQKeyBoardManager.m; sourceTree = "<group>"; };
		C0B63B9B1781FAB1008D3B64 /* KeyboardTextFieldDemo.app */ = {isa = PBXFileReference; explicitFileType = wrapper.application; includeInIndex = 0; path = KeyboardTextFieldDemo.app; sourceTree = BUILT_PRODUCTS_DIR; };
		C0B63B9F1781FAB1008D3B64 /* UIKit.framework */ = {isa = PBXFileReference; lastKnownFileType = wrapper.framework; name = UIKit.framework; path = System/Library/Frameworks/UIKit.framework; sourceTree = SDKROOT; };
		C0B63BA11781FAB1008D3B64 /* Foundation.framework */ = {isa = PBXFileReference; lastKnownFileType = wrapper.framework; name = Foundation.framework; path = System/Library/Frameworks/Foundation.framework; sourceTree = SDKROOT; };
		C0B63BA31781FAB1008D3B64 /* CoreGraphics.framework */ = {isa = PBXFileReference; lastKnownFileType = wrapper.framework; name = CoreGraphics.framework; path = System/Library/Frameworks/CoreGraphics.framework; sourceTree = SDKROOT; };
		C0B63BA71781FAB1008D3B64 /* KeyboardTextFieldDemo-Info.plist */ = {isa = PBXFileReference; lastKnownFileType = text.plist.xml; path = "KeyboardTextFieldDemo-Info.plist"; sourceTree = "<group>"; };
		C0B63BA91781FAB1008D3B64 /* en */ = {isa = PBXFileReference; lastKnownFileType = text.plist.strings; name = en; path = en.lproj/InfoPlist.strings; sourceTree = "<group>"; };
		C0B63BAB1781FAB1008D3B64 /* main.m */ = {isa = PBXFileReference; lastKnownFileType = sourcecode.c.objc; path = main.m; sourceTree = "<group>"; };
		C0B63BAD1781FAB1008D3B64 /* KeyboardTextFieldDemo-Prefix.pch */ = {isa = PBXFileReference; lastKnownFileType = sourcecode.c.h; path = "KeyboardTextFieldDemo-Prefix.pch"; sourceTree = "<group>"; };
		C0B63BAE1781FAB1008D3B64 /* AppDelegate.h */ = {isa = PBXFileReference; lastKnownFileType = sourcecode.c.h; path = AppDelegate.h; sourceTree = "<group>"; };
		C0B63BAF1781FAB1008D3B64 /* AppDelegate.m */ = {isa = PBXFileReference; lastKnownFileType = sourcecode.c.objc; path = AppDelegate.m; sourceTree = "<group>"; };
		C0B63BB11781FAB1008D3B64 /* ViewController.h */ = {isa = PBXFileReference; lastKnownFileType = sourcecode.c.h; path = ViewController.h; sourceTree = "<group>"; };
		C0B63BB21781FAB1008D3B64 /* ViewController.m */ = {isa = PBXFileReference; lastKnownFileType = sourcecode.c.objc; path = ViewController.m; sourceTree = "<group>"; };
		C0DB7D07184FBA6000F5C892 /* WebViewController.h */ = {isa = PBXFileReference; fileEncoding = 4; lastKnownFileType = sourcecode.c.h; path = WebViewController.h; sourceTree = "<group>"; };
		C0DB7D08184FBA6000F5C892 /* WebViewController.m */ = {isa = PBXFileReference; fileEncoding = 4; lastKnownFileType = sourcecode.c.objc; path = WebViewController.m; sourceTree = "<group>"; };
		C0DB7D09184FBA6000F5C892 /* WebViewController.xib */ = {isa = PBXFileReference; fileEncoding = 4; lastKnownFileType = file.xib; path = WebViewController.xib; sourceTree = "<group>"; };
		C0FAECC717F2351700962F68 /* ViewController.xib */ = {isa = PBXFileReference; fileEncoding = 4; lastKnownFileType = file.xib; path = ViewController.xib; sourceTree = "<group>"; };
/* End PBXFileReference section */

/* Begin PBXFrameworksBuildPhase section */
		C0B63B981781FAB1008D3B64 /* Frameworks */ = {
			isa = PBXFrameworksBuildPhase;
			buildActionMask = 2147483647;
			files = (
				C0B63BA01781FAB1008D3B64 /* UIKit.framework in Frameworks */,
				C0B63BA21781FAB1008D3B64 /* Foundation.framework in Frameworks */,
				C0B63BA41781FAB1008D3B64 /* CoreGraphics.framework in Frameworks */,
			);
			runOnlyForDeploymentPostprocessing = 0;
		};
/* End PBXFrameworksBuildPhase section */

/* Begin PBXGroup section */
		AFF236BC17CA224400760F6C /* IQKeyBoardManager */ = {
			isa = PBXGroup;
			children = (
				AFF236BD17CA224400760F6C /* IQKeyBoardManager.h */,
				AFF236BE17CA224400760F6C /* IQKeyBoardManager.m */,
			);
			path = IQKeyBoardManager;
			sourceTree = "<group>";
		};
		C0B63B901781FAB0008D3B64 = {
			isa = PBXGroup;
			children = (
				AF4301B9179E92C400FADAC6 /* Default-568h@2x.png */,
				AFF236BC17CA224400760F6C /* IQKeyBoardManager */,
				C0B63BA51781FAB1008D3B64 /* KeyboardTextFieldDemo */,
				C0B63B9E1781FAB1008D3B64 /* Frameworks */,
				C0B63B9C1781FAB1008D3B64 /* Products */,
			);
			sourceTree = "<group>";
		};
		C0B63B9C1781FAB1008D3B64 /* Products */ = {
			isa = PBXGroup;
			children = (
				C0B63B9B1781FAB1008D3B64 /* KeyboardTextFieldDemo.app */,
			);
			name = Products;
			sourceTree = "<group>";
		};
		C0B63B9E1781FAB1008D3B64 /* Frameworks */ = {
			isa = PBXGroup;
			children = (
				C0B63B9F1781FAB1008D3B64 /* UIKit.framework */,
				C0B63BA11781FAB1008D3B64 /* Foundation.framework */,
				C0B63BA31781FAB1008D3B64 /* CoreGraphics.framework */,
			);
			name = Frameworks;
			sourceTree = "<group>";
		};
		C0B63BA51781FAB1008D3B64 /* KeyboardTextFieldDemo */ = {
			isa = PBXGroup;
			children = (
				C0B63BAE1781FAB1008D3B64 /* AppDelegate.h */,
				C0B63BAF1781FAB1008D3B64 /* AppDelegate.m */,
				C0B63BB11781FAB1008D3B64 /* ViewController.h */,
				C0B63BB21781FAB1008D3B64 /* ViewController.m */,
				C0FAECC717F2351700962F68 /* ViewController.xib */,
				C0DB7D07184FBA6000F5C892 /* WebViewController.h */,
				C0DB7D08184FBA6000F5C892 /* WebViewController.m */,
				C0DB7D09184FBA6000F5C892 /* WebViewController.xib */,
				C0B63BA61781FAB1008D3B64 /* Supporting Files */,
			);
			path = KeyboardTextFieldDemo;
			sourceTree = "<group>";
		};
		C0B63BA61781FAB1008D3B64 /* Supporting Files */ = {
			isa = PBXGroup;
			children = (
				C0B63BA71781FAB1008D3B64 /* KeyboardTextFieldDemo-Info.plist */,
				C0B63BA81781FAB1008D3B64 /* InfoPlist.strings */,
				C0B63BAB1781FAB1008D3B64 /* main.m */,
				C0B63BAD1781FAB1008D3B64 /* KeyboardTextFieldDemo-Prefix.pch */,
			);
			name = "Supporting Files";
			sourceTree = "<group>";
		};
/* End PBXGroup section */

/* Begin PBXNativeTarget section */
		C0B63B9A1781FAB1008D3B64 /* KeyboardTextFieldDemo */ = {
			isa = PBXNativeTarget;
			buildConfigurationList = C0B63BB91781FAB1008D3B64 /* Build configuration list for PBXNativeTarget "KeyboardTextFieldDemo" */;
			buildPhases = (
				C0B63B971781FAB1008D3B64 /* Sources */,
				C0B63B981781FAB1008D3B64 /* Frameworks */,
				C0B63B991781FAB1008D3B64 /* Resources */,
			);
			buildRules = (
			);
			dependencies = (
			);
			name = KeyboardTextFieldDemo;
			productName = KeyboardTextFieldDemo;
			productReference = C0B63B9B1781FAB1008D3B64 /* KeyboardTextFieldDemo.app */;
			productType = "com.apple.product-type.application";
		};
/* End PBXNativeTarget section */

/* Begin PBXProject section */
		C0B63B921781FAB0008D3B64 /* Project object */ = {
			isa = PBXProject;
			attributes = {
				LastUpgradeCheck = 0460;
				ORGANIZATIONNAME = Canopus;
			};
			buildConfigurationList = C0B63B951781FAB0008D3B64 /* Build configuration list for PBXProject "KeyboardTextFieldDemo" */;
			compatibilityVersion = "Xcode 3.2";
			developmentRegion = English;
			hasScannedForEncodings = 0;
			knownRegions = (
				en,
			);
			mainGroup = C0B63B901781FAB0008D3B64;
			productRefGroup = C0B63B9C1781FAB1008D3B64 /* Products */;
			projectDirPath = "";
			projectRoot = "";
			targets = (
				C0B63B9A1781FAB1008D3B64 /* KeyboardTextFieldDemo */,
			);
		};
/* End PBXProject section */

/* Begin PBXResourcesBuildPhase section */
		C0B63B991781FAB1008D3B64 /* Resources */ = {
			isa = PBXResourcesBuildPhase;
			buildActionMask = 2147483647;
			files = (
				C0B63BAA1781FAB1008D3B64 /* InfoPlist.strings in Resources */,
				AF4301BA179E92C400FADAC6 /* Default-568h@2x.png in Resources */,
				C0FAECC817F2351700962F68 /* ViewController.xib in Resources */,
				C0DB7D0B184FBA6000F5C892 /* WebViewController.xib in Resources */,
			);
			runOnlyForDeploymentPostprocessing = 0;
		};
/* End PBXResourcesBuildPhase section */

/* Begin PBXSourcesBuildPhase section */
		C0B63B971781FAB1008D3B64 /* Sources */ = {
			isa = PBXSourcesBuildPhase;
			buildActionMask = 2147483647;
			files = (
				C0B63BAC1781FAB1008D3B64 /* main.m in Sources */,
				C0B63BB01781FAB1008D3B64 /* AppDelegate.m in Sources */,
				C0B63BB31781FAB1008D3B64 /* ViewController.m in Sources */,
				AFF236C117CA224400760F6C /* IQKeyBoardManager.m in Sources */,
				C0DB7D0A184FBA6000F5C892 /* WebViewController.m in Sources */,
			);
			runOnlyForDeploymentPostprocessing = 0;
		};
/* End PBXSourcesBuildPhase section */

/* Begin PBXVariantGroup section */
		C0B63BA81781FAB1008D3B64 /* InfoPlist.strings */ = {
			isa = PBXVariantGroup;
			children = (
				C0B63BA91781FAB1008D3B64 /* en */,
			);
			name = InfoPlist.strings;
			sourceTree = "<group>";
		};
/* End PBXVariantGroup section */

/* Begin XCBuildConfiguration section */
		C0B63BB71781FAB1008D3B64 /* Debug */ = {
			isa = XCBuildConfiguration;
			buildSettings = {
				ALWAYS_SEARCH_USER_PATHS = NO;
				ARCHS = "$(ARCHS_STANDARD_32_BIT)";
				CLANG_ENABLE_OBJC_ARC = YES;
				CLANG_WARN_CONSTANT_CONVERSION = YES;
				CLANG_WARN_ENUM_CONVERSION = YES;
				CLANG_WARN_INT_CONVERSION = YES;
				CLANG_WARN__DUPLICATE_METHOD_MATCH = YES;
				"CODE_SIGN_IDENTITY[sdk=iphoneos*]" = "iPhone Developer";
				COPY_PHASE_STRIP = NO;
				GCC_C_LANGUAGE_STANDARD = gnu99;
				GCC_DYNAMIC_NO_PIC = NO;
				GCC_OPTIMIZATION_LEVEL = 0;
				GCC_PREPROCESSOR_DEFINITIONS = (
					"DEBUG=1",
					"$(inherited)",
				);
				GCC_SYMBOLS_PRIVATE_EXTERN = NO;
				GCC_VERSION = com.apple.compilers.llvm.clang.1_0;
				GCC_WARN_ABOUT_MISSING_PROTOTYPES = YES;
				GCC_WARN_ABOUT_RETURN_TYPE = YES;
				GCC_WARN_UNINITIALIZED_AUTOS = YES;
				GCC_WARN_UNUSED_VARIABLE = YES;
				IPHONEOS_DEPLOYMENT_TARGET = 7.0;
				SDKROOT = iphoneos;
			};
			name = Debug;
		};
		C0B63BB81781FAB1008D3B64 /* Release */ = {
			isa = XCBuildConfiguration;
			buildSettings = {
				ALWAYS_SEARCH_USER_PATHS = NO;
				ARCHS = "$(ARCHS_STANDARD_32_BIT)";
				CLANG_ENABLE_OBJC_ARC = YES;
				CLANG_WARN_CONSTANT_CONVERSION = YES;
				CLANG_WARN_ENUM_CONVERSION = YES;
				CLANG_WARN_INT_CONVERSION = YES;
				CLANG_WARN__DUPLICATE_METHOD_MATCH = YES;
				"CODE_SIGN_IDENTITY[sdk=iphoneos*]" = "iPhone Developer";
				COPY_PHASE_STRIP = YES;
				GCC_C_LANGUAGE_STANDARD = gnu99;
				GCC_VERSION = com.apple.compilers.llvm.clang.1_0;
				GCC_WARN_ABOUT_MISSING_PROTOTYPES = YES;
				GCC_WARN_ABOUT_RETURN_TYPE = YES;
				GCC_WARN_UNINITIALIZED_AUTOS = YES;
				GCC_WARN_UNUSED_VARIABLE = YES;
				IPHONEOS_DEPLOYMENT_TARGET = 7.0;
				OTHER_CFLAGS = "-DNS_BLOCK_ASSERTIONS=1";
				SDKROOT = iphoneos;
				VALIDATE_PRODUCT = YES;
			};
			name = Release;
		};
		C0B63BBA1781FAB1008D3B64 /* Debug */ = {
			isa = XCBuildConfiguration;
			buildSettings = {
				GCC_PRECOMPILE_PREFIX_HEADER = YES;
				GCC_PREFIX_HEADER = "KeyboardTextFieldDemo/KeyboardTextFieldDemo-Prefix.pch";
				INFOPLIST_FILE = "KeyboardTextFieldDemo/KeyboardTextFieldDemo-Info.plist";
				IPHONEOS_DEPLOYMENT_TARGET = 4.3;
				PRODUCT_NAME = "$(TARGET_NAME)";
				TARGETED_DEVICE_FAMILY = "1,2";
				WRAPPER_EXTENSION = app;
			};
			name = Debug;
		};
		C0B63BBB1781FAB1008D3B64 /* Release */ = {
			isa = XCBuildConfiguration;
			buildSettings = {
				GCC_PRECOMPILE_PREFIX_HEADER = YES;
				GCC_PREFIX_HEADER = "KeyboardTextFieldDemo/KeyboardTextFieldDemo-Prefix.pch";
				INFOPLIST_FILE = "KeyboardTextFieldDemo/KeyboardTextFieldDemo-Info.plist";
				IPHONEOS_DEPLOYMENT_TARGET = 4.3;
				PRODUCT_NAME = "$(TARGET_NAME)";
				TARGETED_DEVICE_FAMILY = "1,2";
				WRAPPER_EXTENSION = app;
			};
			name = Release;
		};
/* End XCBuildConfiguration section */

/* Begin XCConfigurationList section */
		C0B63B951781FAB0008D3B64 /* Build configuration list for PBXProject "KeyboardTextFieldDemo" */ = {
			isa = XCConfigurationList;
			buildConfigurations = (
				C0B63BB71781FAB1008D3B64 /* Debug */,
				C0B63BB81781FAB1008D3B64 /* Release */,
			);
			defaultConfigurationIsVisible = 0;
			defaultConfigurationName = Release;
		};
		C0B63BB91781FAB1008D3B64 /* Build configuration list for PBXNativeTarget "KeyboardTextFieldDemo" */ = {
			isa = XCConfigurationList;
			buildConfigurations = (
				C0B63BBA1781FAB1008D3B64 /* Debug */,
				C0B63BBB1781FAB1008D3B64 /* Release */,
			);
			defaultConfigurationIsVisible = 0;
			defaultConfigurationName = Release;
		};
/* End XCConfigurationList section */
	};
	rootObject = C0B63B921781FAB0008D3B64 /* Project object */;
}
